// !$*UTF8*$!
{
	archiveVersion = 1;
	classes = {
	};
	objectVersion = 50;
	objects = {

/* Begin PBXBuildFile section */
		202C6438245947BA00A3DCC5 /* Router.swift in Sources */ = {isa = PBXBuildFile; fileRef = 202C6437245947BA00A3DCC5 /* Router.swift */; };
		202C643A24594B8700A3DCC5 /* NetworkClientError.swift in Sources */ = {isa = PBXBuildFile; fileRef = 202C643924594B8700A3DCC5 /* NetworkClientError.swift */; };
		2037AB13245992FC00B0EEB9 /* URLSessionProtocol.swift in Sources */ = {isa = PBXBuildFile; fileRef = 2037AB12245992FC00B0EEB9 /* URLSessionProtocol.swift */; };
		2037AB162459934200B0EEB9 /* URLSessionDataTaskProtocol.swift in Sources */ = {isa = PBXBuildFile; fileRef = 2037AB152459934200B0EEB9 /* URLSessionDataTaskProtocol.swift */; };
		2037AB192459C7B200B0EEB9 /* Parser.swift in Sources */ = {isa = PBXBuildFile; fileRef = 2037AB182459C7B200B0EEB9 /* Parser.swift */; };
		2037AB1B2459F1A700B0EEB9 /* JsonParser.swift in Sources */ = {isa = PBXBuildFile; fileRef = 2037AB1A2459F1A700B0EEB9 /* JsonParser.swift */; };
		2037AB242459F46700B0EEB9 /* MoviesResponse.swift in Sources */ = {isa = PBXBuildFile; fileRef = 2037AB232459F46700B0EEB9 /* MoviesResponse.swift */; };
		205FCDF4245FFC3B0025108C /* ConfigurationTests.swift in Sources */ = {isa = PBXBuildFile; fileRef = 205FCDF3245FFC3B0025108C /* ConfigurationTests.swift */; };
		2085D751245AE5B900EBA3D5 /* JsonParserTests.swift in Sources */ = {isa = PBXBuildFile; fileRef = 2085D750245AE5B900EBA3D5 /* JsonParserTests.swift */; };
		208C2EB2245883BB006AA6CF /* NetworkClient.framework in Frameworks */ = {isa = PBXBuildFile; fileRef = 208C2EA8245883BA006AA6CF /* NetworkClient.framework */; };
		208C2EB7245883BB006AA6CF /* NetworkClientTests.swift in Sources */ = {isa = PBXBuildFile; fileRef = 208C2EB6245883BB006AA6CF /* NetworkClientTests.swift */; };
		208C2EB9245883BB006AA6CF /* NetworkClient.h in Headers */ = {isa = PBXBuildFile; fileRef = 208C2EAB245883BB006AA6CF /* NetworkClient.h */; settings = {ATTRIBUTES = (Public, ); }; };
		208C2ECE245887F2006AA6CF /* NetworkClient.swift in Sources */ = {isa = PBXBuildFile; fileRef = 208C2ECD245887F2006AA6CF /* NetworkClient.swift */; };
		208C2ED024588833006AA6CF /* MoviesService.swift in Sources */ = {isa = PBXBuildFile; fileRef = 208C2ECF24588833006AA6CF /* MoviesService.swift */; };
		208C2ED424588870006AA6CF /* MovieItem.swift in Sources */ = {isa = PBXBuildFile; fileRef = 208C2ED324588870006AA6CF /* MovieItem.swift */; };
		208C2ED724588F13006AA6CF /* DateFormatter.swift in Sources */ = {isa = PBXBuildFile; fileRef = 208C2ED624588F13006AA6CF /* DateFormatter.swift */; };
		208C2EDA24589010006AA6CF /* RestMoviesService.swift in Sources */ = {isa = PBXBuildFile; fileRef = 208C2ED924589010006AA6CF /* RestMoviesService.swift */; };
		20F374B2245D78F700F83E95 /* Configuration.swift in Sources */ = {isa = PBXBuildFile; fileRef = 20F374B1245D78F700F83E95 /* Configuration.swift */; };
		20F374B4245D79C200F83E95 /* ImagesConfiguration.swift in Sources */ = {isa = PBXBuildFile; fileRef = 20F374B3245D79C200F83E95 /* ImagesConfiguration.swift */; };
/* End PBXBuildFile section */

/* Begin PBXContainerItemProxy section */
		208C2EB3245883BB006AA6CF /* PBXContainerItemProxy */ = {
			isa = PBXContainerItemProxy;
			containerPortal = 208C2E9F245883BA006AA6CF /* Project object */;
			proxyType = 1;
			remoteGlobalIDString = 208C2EA7245883BA006AA6CF;
			remoteInfo = NetworkClient;
		};
/* End PBXContainerItemProxy section */

/* Begin PBXFileReference section */
		202C6437245947BA00A3DCC5 /* Router.swift */ = {isa = PBXFileReference; lastKnownFileType = sourcecode.swift; path = Router.swift; sourceTree = "<group>"; };
		202C643924594B8700A3DCC5 /* NetworkClientError.swift */ = {isa = PBXFileReference; lastKnownFileType = sourcecode.swift; path = NetworkClientError.swift; sourceTree = "<group>"; };
		2037AB12245992FC00B0EEB9 /* URLSessionProtocol.swift */ = {isa = PBXFileReference; lastKnownFileType = sourcecode.swift; path = URLSessionProtocol.swift; sourceTree = "<group>"; };
		2037AB152459934200B0EEB9 /* URLSessionDataTaskProtocol.swift */ = {isa = PBXFileReference; lastKnownFileType = sourcecode.swift; path = URLSessionDataTaskProtocol.swift; sourceTree = "<group>"; };
		2037AB182459C7B200B0EEB9 /* Parser.swift */ = {isa = PBXFileReference; lastKnownFileType = sourcecode.swift; path = Parser.swift; sourceTree = "<group>"; };
		2037AB1A2459F1A700B0EEB9 /* JsonParser.swift */ = {isa = PBXFileReference; lastKnownFileType = sourcecode.swift; path = JsonParser.swift; sourceTree = "<group>"; };
		2037AB232459F46700B0EEB9 /* MoviesResponse.swift */ = {isa = PBXFileReference; lastKnownFileType = sourcecode.swift; path = MoviesResponse.swift; sourceTree = "<group>"; };
		205FCDF3245FFC3B0025108C /* ConfigurationTests.swift */ = {isa = PBXFileReference; lastKnownFileType = sourcecode.swift; path = ConfigurationTests.swift; sourceTree = "<group>"; };
		2085D750245AE5B900EBA3D5 /* JsonParserTests.swift */ = {isa = PBXFileReference; lastKnownFileType = sourcecode.swift; path = JsonParserTests.swift; sourceTree = "<group>"; };
		208C2EA8245883BA006AA6CF /* NetworkClient.framework */ = {isa = PBXFileReference; explicitFileType = wrapper.framework; includeInIndex = 0; path = NetworkClient.framework; sourceTree = BUILT_PRODUCTS_DIR; };
		208C2EAB245883BB006AA6CF /* NetworkClient.h */ = {isa = PBXFileReference; lastKnownFileType = sourcecode.c.h; path = NetworkClient.h; sourceTree = "<group>"; };
		208C2EAC245883BB006AA6CF /* Info.plist */ = {isa = PBXFileReference; lastKnownFileType = text.plist.xml; path = Info.plist; sourceTree = "<group>"; };
		208C2EB1245883BB006AA6CF /* NetworkClientTests.xctest */ = {isa = PBXFileReference; explicitFileType = wrapper.cfbundle; includeInIndex = 0; path = NetworkClientTests.xctest; sourceTree = BUILT_PRODUCTS_DIR; };
		208C2EB6245883BB006AA6CF /* NetworkClientTests.swift */ = {isa = PBXFileReference; lastKnownFileType = sourcecode.swift; path = NetworkClientTests.swift; sourceTree = "<group>"; };
		208C2EB8245883BB006AA6CF /* Info.plist */ = {isa = PBXFileReference; lastKnownFileType = text.plist.xml; path = Info.plist; sourceTree = "<group>"; };
		208C2ECD245887F2006AA6CF /* NetworkClient.swift */ = {isa = PBXFileReference; lastKnownFileType = sourcecode.swift; path = NetworkClient.swift; sourceTree = "<group>"; };
		208C2ECF24588833006AA6CF /* MoviesService.swift */ = {isa = PBXFileReference; lastKnownFileType = sourcecode.swift; path = MoviesService.swift; sourceTree = "<group>"; };
		208C2ED324588870006AA6CF /* MovieItem.swift */ = {isa = PBXFileReference; lastKnownFileType = sourcecode.swift; path = MovieItem.swift; sourceTree = "<group>"; };
		208C2ED624588F13006AA6CF /* DateFormatter.swift */ = {isa = PBXFileReference; lastKnownFileType = sourcecode.swift; path = DateFormatter.swift; sourceTree = "<group>"; };
		208C2ED924589010006AA6CF /* RestMoviesService.swift */ = {isa = PBXFileReference; lastKnownFileType = sourcecode.swift; path = RestMoviesService.swift; sourceTree = "<group>"; };
		20F374B1245D78F700F83E95 /* Configuration.swift */ = {isa = PBXFileReference; lastKnownFileType = sourcecode.swift; path = Configuration.swift; sourceTree = "<group>"; };
		20F374B3245D79C200F83E95 /* ImagesConfiguration.swift */ = {isa = PBXFileReference; lastKnownFileType = sourcecode.swift; path = ImagesConfiguration.swift; sourceTree = "<group>"; };
/* End PBXFileReference section */

/* Begin PBXFrameworksBuildPhase section */
		208C2EA5245883BA006AA6CF /* Frameworks */ = {
			isa = PBXFrameworksBuildPhase;
			buildActionMask = 2147483647;
			files = (
			);
			runOnlyForDeploymentPostprocessing = 0;
		};
		208C2EAE245883BB006AA6CF /* Frameworks */ = {
			isa = PBXFrameworksBuildPhase;
			buildActionMask = 2147483647;
			files = (
				208C2EB2245883BB006AA6CF /* NetworkClient.framework in Frameworks */,
			);
			runOnlyForDeploymentPostprocessing = 0;
		};
/* End PBXFrameworksBuildPhase section */

/* Begin PBXGroup section */
		2037AB142459931A00B0EEB9 /* URLSession */ = {
			isa = PBXGroup;
			children = (
				2037AB12245992FC00B0EEB9 /* URLSessionProtocol.swift */,
				2037AB152459934200B0EEB9 /* URLSessionDataTaskProtocol.swift */,
			);
			path = URLSession;
			sourceTree = "<group>";
		};
		2037AB172459C78E00B0EEB9 /* Parser */ = {
			isa = PBXGroup;
			children = (
				2037AB182459C7B200B0EEB9 /* Parser.swift */,
				2037AB1A2459F1A700B0EEB9 /* JsonParser.swift */,
			);
			path = Parser;
			sourceTree = "<group>";
		};
		2037AB222459F45600B0EEB9 /* Response */ = {
			isa = PBXGroup;
			children = (
				20F374B1245D78F700F83E95 /* Configuration.swift */,
				20F374B3245D79C200F83E95 /* ImagesConfiguration.swift */,
				2037AB232459F46700B0EEB9 /* MoviesResponse.swift */,
			);
			path = Response;
			sourceTree = "<group>";
		};
		208C2E9E245883BA006AA6CF = {
			isa = PBXGroup;
			children = (
				208C2EAA245883BB006AA6CF /* NetworkClient */,
				208C2EB5245883BB006AA6CF /* NetworkClientTests */,
				208C2EA9245883BA006AA6CF /* Products */,
			);
			sourceTree = "<group>";
		};
		208C2EA9245883BA006AA6CF /* Products */ = {
			isa = PBXGroup;
			children = (
				208C2EA8245883BA006AA6CF /* NetworkClient.framework */,
				208C2EB1245883BB006AA6CF /* NetworkClientTests.xctest */,
			);
			name = Products;
			sourceTree = "<group>";
		};
		208C2EAA245883BB006AA6CF /* NetworkClient */ = {
			isa = PBXGroup;
			children = (
				208C2ECC245887D8006AA6CF /* Internal */,
				208C2ECB245887CE006AA6CF /* Public */,
				208C2EAC245883BB006AA6CF /* Info.plist */,
				208C2EAB245883BB006AA6CF /* NetworkClient.h */,
			);
			path = NetworkClient;
			sourceTree = "<group>";
		};
		208C2EB5245883BB006AA6CF /* NetworkClientTests */ = {
			isa = PBXGroup;
			children = (
				208C2EB8245883BB006AA6CF /* Info.plist */,
				2085D750245AE5B900EBA3D5 /* JsonParserTests.swift */,
				208C2EB6245883BB006AA6CF /* NetworkClientTests.swift */,
				205FCDF3245FFC3B0025108C /* ConfigurationTests.swift */,
			);
			path = NetworkClientTests;
			sourceTree = "<group>";
		};
		208C2ECB245887CE006AA6CF /* Public */ = {
			isa = PBXGroup;
			children = (
				208C2ED224588860006AA6CF /* Model */,
				208C2ED12458884E006AA6CF /* Service */,
				208C2ECD245887F2006AA6CF /* NetworkClient.swift */,
			);
			path = Public;
			sourceTree = "<group>";
		};
		208C2ECC245887D8006AA6CF /* Internal */ = {
			isa = PBXGroup;
			children = (
				2037AB222459F45600B0EEB9 /* Response */,
				2037AB172459C78E00B0EEB9 /* Parser */,
				2037AB142459931A00B0EEB9 /* URLSession */,
				208C2ED824588FF8006AA6CF /* RestService */,
				208C2ED524588EFF006AA6CF /* Extensions */,
			);
			path = Internal;
			sourceTree = "<group>";
		};
		208C2ED12458884E006AA6CF /* Service */ = {
			isa = PBXGroup;
			children = (
				208C2ECF24588833006AA6CF /* MoviesService.swift */,
			);
			path = Service;
			sourceTree = "<group>";
		};
		208C2ED224588860006AA6CF /* Model */ = {
			isa = PBXGroup;
			children = (
				208C2ED324588870006AA6CF /* MovieItem.swift */,
				202C643924594B8700A3DCC5 /* NetworkClientError.swift */,
			);
			path = Model;
			sourceTree = "<group>";
		};
		208C2ED524588EFF006AA6CF /* Extensions */ = {
			isa = PBXGroup;
			children = (
				208C2ED624588F13006AA6CF /* DateFormatter.swift */,
			);
			path = Extensions;
			sourceTree = "<group>";
		};
		208C2ED824588FF8006AA6CF /* RestService */ = {
			isa = PBXGroup;
			children = (
				208C2ED924589010006AA6CF /* RestMoviesService.swift */,
				202C6437245947BA00A3DCC5 /* Router.swift */,
			);
			path = RestService;
			sourceTree = "<group>";
		};
/* End PBXGroup section */

/* Begin PBXHeadersBuildPhase section */
		208C2EA3245883BA006AA6CF /* Headers */ = {
			isa = PBXHeadersBuildPhase;
			buildActionMask = 2147483647;
			files = (
				208C2EB9245883BB006AA6CF /* NetworkClient.h in Headers */,
			);
			runOnlyForDeploymentPostprocessing = 0;
		};
/* End PBXHeadersBuildPhase section */

/* Begin PBXNativeTarget section */
		208C2EA7245883BA006AA6CF /* NetworkClient */ = {
			isa = PBXNativeTarget;
			buildConfigurationList = 208C2EBC245883BB006AA6CF /* Build configuration list for PBXNativeTarget "NetworkClient" */;
			buildPhases = (
				208C2EA3245883BA006AA6CF /* Headers */,
				208C2EA4245883BA006AA6CF /* Sources */,
				208C2EA5245883BA006AA6CF /* Frameworks */,
				208C2EA6245883BA006AA6CF /* Resources */,
			);
			buildRules = (
			);
			dependencies = (
			);
			name = NetworkClient;
			productName = NetworkClient;
			productReference = 208C2EA8245883BA006AA6CF /* NetworkClient.framework */;
			productType = "com.apple.product-type.framework";
		};
		208C2EB0245883BB006AA6CF /* NetworkClientTests */ = {
			isa = PBXNativeTarget;
			buildConfigurationList = 208C2EBF245883BB006AA6CF /* Build configuration list for PBXNativeTarget "NetworkClientTests" */;
			buildPhases = (
				208C2EAD245883BB006AA6CF /* Sources */,
				208C2EAE245883BB006AA6CF /* Frameworks */,
				208C2EAF245883BB006AA6CF /* Resources */,
			);
			buildRules = (
			);
			dependencies = (
				208C2EB4245883BB006AA6CF /* PBXTargetDependency */,
			);
			name = NetworkClientTests;
			productName = NetworkClientTests;
			productReference = 208C2EB1245883BB006AA6CF /* NetworkClientTests.xctest */;
			productType = "com.apple.product-type.bundle.unit-test";
		};
/* End PBXNativeTarget section */

/* Begin PBXProject section */
		208C2E9F245883BA006AA6CF /* Project object */ = {
			isa = PBXProject;
			attributes = {
				LastSwiftUpdateCheck = 1140;
				LastUpgradeCheck = 1140;
				ORGANIZATIONNAME = Example;
				TargetAttributes = {
					208C2EA7245883BA006AA6CF = {
						CreatedOnToolsVersion = 11.4;
						LastSwiftMigration = 1140;
					};
					208C2EB0245883BB006AA6CF = {
						CreatedOnToolsVersion = 11.4;
					};
				};
			};
			buildConfigurationList = 208C2EA2245883BA006AA6CF /* Build configuration list for PBXProject "NetworkClient" */;
			compatibilityVersion = "Xcode 9.3";
			developmentRegion = en;
			hasScannedForEncodings = 0;
			knownRegions = (
				en,
				Base,
			);
			mainGroup = 208C2E9E245883BA006AA6CF;
			productRefGroup = 208C2EA9245883BA006AA6CF /* Products */;
			projectDirPath = "";
			projectRoot = "";
			targets = (
				208C2EA7245883BA006AA6CF /* NetworkClient */,
				208C2EB0245883BB006AA6CF /* NetworkClientTests */,
			);
		};
/* End PBXProject section */

/* Begin PBXResourcesBuildPhase section */
		208C2EA6245883BA006AA6CF /* Resources */ = {
			isa = PBXResourcesBuildPhase;
			buildActionMask = 2147483647;
			files = (
			);
			runOnlyForDeploymentPostprocessing = 0;
		};
		208C2EAF245883BB006AA6CF /* Resources */ = {
			isa = PBXResourcesBuildPhase;
			buildActionMask = 2147483647;
			files = (
			);
			runOnlyForDeploymentPostprocessing = 0;
		};
/* End PBXResourcesBuildPhase section */

/* Begin PBXSourcesBuildPhase section */
		208C2EA4245883BA006AA6CF /* Sources */ = {
			isa = PBXSourcesBuildPhase;
			buildActionMask = 2147483647;
			files = (
				208C2ED724588F13006AA6CF /* DateFormatter.swift in Sources */,
				208C2ED024588833006AA6CF /* MoviesService.swift in Sources */,
				2037AB192459C7B200B0EEB9 /* Parser.swift in Sources */,
				2037AB162459934200B0EEB9 /* URLSessionDataTaskProtocol.swift in Sources */,
				202C643A24594B8700A3DCC5 /* NetworkClientError.swift in Sources */,
				2037AB242459F46700B0EEB9 /* MoviesResponse.swift in Sources */,
				208C2ECE245887F2006AA6CF /* NetworkClient.swift in Sources */,
				20F374B2245D78F700F83E95 /* Configuration.swift in Sources */,
				20F374B4245D79C200F83E95 /* ImagesConfiguration.swift in Sources */,
				2037AB13245992FC00B0EEB9 /* URLSessionProtocol.swift in Sources */,
				208C2ED424588870006AA6CF /* MovieItem.swift in Sources */,
				202C6438245947BA00A3DCC5 /* Router.swift in Sources */,
				2037AB1B2459F1A700B0EEB9 /* JsonParser.swift in Sources */,
				208C2EDA24589010006AA6CF /* RestMoviesService.swift in Sources */,
			);
			runOnlyForDeploymentPostprocessing = 0;
		};
		208C2EAD245883BB006AA6CF /* Sources */ = {
			isa = PBXSourcesBuildPhase;
			buildActionMask = 2147483647;
			files = (
				2085D751245AE5B900EBA3D5 /* JsonParserTests.swift in Sources */,
				208C2EB7245883BB006AA6CF /* NetworkClientTests.swift in Sources */,
				205FCDF4245FFC3B0025108C /* ConfigurationTests.swift in Sources */,
			);
			runOnlyForDeploymentPostprocessing = 0;
		};
/* End PBXSourcesBuildPhase section */

/* Begin PBXTargetDependency section */
		208C2EB4245883BB006AA6CF /* PBXTargetDependency */ = {
			isa = PBXTargetDependency;
			target = 208C2EA7245883BA006AA6CF /* NetworkClient */;
			targetProxy = 208C2EB3245883BB006AA6CF /* PBXContainerItemProxy */;
		};
/* End PBXTargetDependency section */

/* Begin XCBuildConfiguration section */
		208C2EBA245883BB006AA6CF /* Debug */ = {
			isa = XCBuildConfiguration;
			buildSettings = {
				ALWAYS_SEARCH_USER_PATHS = NO;
				CLANG_ANALYZER_NONNULL = YES;
				CLANG_ANALYZER_NUMBER_OBJECT_CONVERSION = YES_AGGRESSIVE;
				CLANG_CXX_LANGUAGE_STANDARD = "gnu++14";
				CLANG_CXX_LIBRARY = "libc++";
				CLANG_ENABLE_MODULES = YES;
				CLANG_ENABLE_OBJC_ARC = YES;
				CLANG_ENABLE_OBJC_WEAK = YES;
				CLANG_WARN_BLOCK_CAPTURE_AUTORELEASING = YES;
				CLANG_WARN_BOOL_CONVERSION = YES;
				CLANG_WARN_COMMA = YES;
				CLANG_WARN_CONSTANT_CONVERSION = YES;
				CLANG_WARN_DEPRECATED_OBJC_IMPLEMENTATIONS = YES;
				CLANG_WARN_DIRECT_OBJC_ISA_USAGE = YES_ERROR;
				CLANG_WARN_DOCUMENTATION_COMMENTS = YES;
				CLANG_WARN_EMPTY_BODY = YES;
				CLANG_WARN_ENUM_CONVERSION = YES;
				CLANG_WARN_INFINITE_RECURSION = YES;
				CLANG_WARN_INT_CONVERSION = YES;
				CLANG_WARN_NON_LITERAL_NULL_CONVERSION = YES;
				CLANG_WARN_OBJC_IMPLICIT_RETAIN_SELF = YES;
				CLANG_WARN_OBJC_LITERAL_CONVERSION = YES;
				CLANG_WARN_OBJC_ROOT_CLASS = YES_ERROR;
				CLANG_WARN_RANGE_LOOP_ANALYSIS = YES;
				CLANG_WARN_STRICT_PROTOTYPES = YES;
				CLANG_WARN_SUSPICIOUS_MOVE = YES;
				CLANG_WARN_UNGUARDED_AVAILABILITY = YES_AGGRESSIVE;
				CLANG_WARN_UNREACHABLE_CODE = YES;
				CLANG_WARN__DUPLICATE_METHOD_MATCH = YES;
				COPY_PHASE_STRIP = NO;
				CURRENT_PROJECT_VERSION = 1;
				DEBUG_INFORMATION_FORMAT = dwarf;
				ENABLE_STRICT_OBJC_MSGSEND = YES;
				ENABLE_TESTABILITY = YES;
				GCC_C_LANGUAGE_STANDARD = gnu11;
				GCC_DYNAMIC_NO_PIC = NO;
				GCC_NO_COMMON_BLOCKS = YES;
				GCC_OPTIMIZATION_LEVEL = 0;
				GCC_PREPROCESSOR_DEFINITIONS = (
					"DEBUG=1",
					"$(inherited)",
				);
				GCC_WARN_64_TO_32_BIT_CONVERSION = YES;
				GCC_WARN_ABOUT_RETURN_TYPE = YES_ERROR;
				GCC_WARN_UNDECLARED_SELECTOR = YES;
				GCC_WARN_UNINITIALIZED_AUTOS = YES_AGGRESSIVE;
				GCC_WARN_UNUSED_FUNCTION = YES;
				GCC_WARN_UNUSED_VARIABLE = YES;
				IPHONEOS_DEPLOYMENT_TARGET = 13.4;
				MTL_ENABLE_DEBUG_INFO = INCLUDE_SOURCE;
				MTL_FAST_MATH = YES;
				ONLY_ACTIVE_ARCH = YES;
				SDKROOT = iphoneos;
				SWIFT_ACTIVE_COMPILATION_CONDITIONS = DEBUG;
				SWIFT_OPTIMIZATION_LEVEL = "-Onone";
				VERSIONING_SYSTEM = "apple-generic";
				VERSION_INFO_PREFIX = "";
			};
			name = Debug;
		};
		208C2EBB245883BB006AA6CF /* Release */ = {
			isa = XCBuildConfiguration;
			buildSettings = {
				ALWAYS_SEARCH_USER_PATHS = NO;
				CLANG_ANALYZER_NONNULL = YES;
				CLANG_ANALYZER_NUMBER_OBJECT_CONVERSION = YES_AGGRESSIVE;
				CLANG_CXX_LANGUAGE_STANDARD = "gnu++14";
				CLANG_CXX_LIBRARY = "libc++";
				CLANG_ENABLE_MODULES = YES;
				CLANG_ENABLE_OBJC_ARC = YES;
				CLANG_ENABLE_OBJC_WEAK = YES;
				CLANG_WARN_BLOCK_CAPTURE_AUTORELEASING = YES;
				CLANG_WARN_BOOL_CONVERSION = YES;
				CLANG_WARN_COMMA = YES;
				CLANG_WARN_CONSTANT_CONVERSION = YES;
				CLANG_WARN_DEPRECATED_OBJC_IMPLEMENTATIONS = YES;
				CLANG_WARN_DIRECT_OBJC_ISA_USAGE = YES_ERROR;
				CLANG_WARN_DOCUMENTATION_COMMENTS = YES;
				CLANG_WARN_EMPTY_BODY = YES;
				CLANG_WARN_ENUM_CONVERSION = YES;
				CLANG_WARN_INFINITE_RECURSION = YES;
				CLANG_WARN_INT_CONVERSION = YES;
				CLANG_WARN_NON_LITERAL_NULL_CONVERSION = YES;
				CLANG_WARN_OBJC_IMPLICIT_RETAIN_SELF = YES;
				CLANG_WARN_OBJC_LITERAL_CONVERSION = YES;
				CLANG_WARN_OBJC_ROOT_CLASS = YES_ERROR;
				CLANG_WARN_RANGE_LOOP_ANALYSIS = YES;
				CLANG_WARN_STRICT_PROTOTYPES = YES;
				CLANG_WARN_SUSPICIOUS_MOVE = YES;
				CLANG_WARN_UNGUARDED_AVAILABILITY = YES_AGGRESSIVE;
				CLANG_WARN_UNREACHABLE_CODE = YES;
				CLANG_WARN__DUPLICATE_METHOD_MATCH = YES;
				COPY_PHASE_STRIP = NO;
				CURRENT_PROJECT_VERSION = 1;
				DEBUG_INFORMATION_FORMAT = "dwarf-with-dsym";
				ENABLE_NS_ASSERTIONS = NO;
				ENABLE_STRICT_OBJC_MSGSEND = YES;
				GCC_C_LANGUAGE_STANDARD = gnu11;
				GCC_NO_COMMON_BLOCKS = YES;
				GCC_WARN_64_TO_32_BIT_CONVERSION = YES;
				GCC_WARN_ABOUT_RETURN_TYPE = YES_ERROR;
				GCC_WARN_UNDECLARED_SELECTOR = YES;
				GCC_WARN_UNINITIALIZED_AUTOS = YES_AGGRESSIVE;
				GCC_WARN_UNUSED_FUNCTION = YES;
				GCC_WARN_UNUSED_VARIABLE = YES;
				IPHONEOS_DEPLOYMENT_TARGET = 13.4;
				MTL_ENABLE_DEBUG_INFO = NO;
				MTL_FAST_MATH = YES;
				SDKROOT = iphoneos;
				SWIFT_COMPILATION_MODE = wholemodule;
				SWIFT_OPTIMIZATION_LEVEL = "-O";
				VALIDATE_PRODUCT = YES;
				VERSIONING_SYSTEM = "apple-generic";
				VERSION_INFO_PREFIX = "";
			};
			name = Release;
		};
		208C2EBD245883BB006AA6CF /* Debug */ = {
			isa = XCBuildConfiguration;
			buildSettings = {
				CLANG_ENABLE_MODULES = YES;
				CODE_SIGN_STYLE = Automatic;
				DEFINES_MODULE = YES;
				DYLIB_COMPATIBILITY_VERSION = 1;
				DYLIB_CURRENT_VERSION = 1;
				DYLIB_INSTALL_NAME_BASE = "@rpath";
				INFOPLIST_FILE = NetworkClient/Info.plist;
				INSTALL_PATH = "$(LOCAL_LIBRARY_DIR)/Frameworks";
				LD_RUNPATH_SEARCH_PATHS = (
					"$(inherited)",
					"@executable_path/Frameworks",
					"@loader_path/Frameworks",
				);
				PRODUCT_BUNDLE_IDENTIFIER = com.example.NetworkClient;
				PRODUCT_NAME = "$(TARGET_NAME:c99extidentifier)";
				SKIP_INSTALL = YES;
				SWIFT_OPTIMIZATION_LEVEL = "-Onone";
				SWIFT_VERSION = 5.0;
				TARGETED_DEVICE_FAMILY = "1,2";
			};
			name = Debug;
		};
		208C2EBE245883BB006AA6CF /* Release */ = {
			isa = XCBuildConfiguration;
			buildSettings = {
				CLANG_ENABLE_MODULES = YES;
				CODE_SIGN_STYLE = Automatic;
				DEFINES_MODULE = YES;
				DYLIB_COMPATIBILITY_VERSION = 1;
				DYLIB_CURRENT_VERSION = 1;
				DYLIB_INSTALL_NAME_BASE = "@rpath";
				INFOPLIST_FILE = NetworkClient/Info.plist;
				INSTALL_PATH = "$(LOCAL_LIBRARY_DIR)/Frameworks";
				LD_RUNPATH_SEARCH_PATHS = (
					"$(inherited)",
					"@executable_path/Frameworks",
					"@loader_path/Frameworks",
				);
				PRODUCT_BUNDLE_IDENTIFIER = com.example.NetworkClient;
				PRODUCT_NAME = "$(TARGET_NAME:c99extidentifier)";
				SKIP_INSTALL = YES;
				SWIFT_VERSION = 5.0;
				TARGETED_DEVICE_FAMILY = "1,2";
			};
			name = Release;
		};
		208C2EC0245883BB006AA6CF /* Debug */ = {
			isa = XCBuildConfiguration;
			buildSettings = {
				ALWAYS_EMBED_SWIFT_STANDARD_LIBRARIES = YES;
				CODE_SIGN_STYLE = Automatic;
				INFOPLIST_FILE = NetworkClientTests/Info.plist;
				LD_RUNPATH_SEARCH_PATHS = (
					"$(inherited)",
					"@executable_path/Frameworks",
					"@loader_path/Frameworks",
				);
				PRODUCT_BUNDLE_IDENTIFIER = com.example.NetworkClientTests;
				PRODUCT_NAME = "$(TARGET_NAME)";
				SWIFT_VERSION = 5.0;
				TARGETED_DEVICE_FAMILY = "1,2";
			};
			name = Debug;
		};
		208C2EC1245883BB006AA6CF /* Release */ = {
			isa = XCBuildConfiguration;
			buildSettings = {
				ALWAYS_EMBED_SWIFT_STANDARD_LIBRARIES = YES;
				CODE_SIGN_STYLE = Automatic;
				INFOPLIST_FILE = NetworkClientTests/Info.plist;
				LD_RUNPATH_SEARCH_PATHS = (
					"$(inherited)",
					"@executable_path/Frameworks",
					"@loader_path/Frameworks",
				);
				PRODUCT_BUNDLE_IDENTIFIER = com.example.NetworkClientTests;
				PRODUCT_NAME = "$(TARGET_NAME)";
				SWIFT_VERSION = 5.0;
				TARGETED_DEVICE_FAMILY = "1,2";
			};
			name = Release;
		};
/* End XCBuildConfiguration section */

/* Begin XCConfigurationList section */
		208C2EA2245883BA006AA6CF /* Build configuration list for PBXProject "NetworkClient" */ = {
			isa = XCConfigurationList;
			buildConfigurations = (
				208C2EBA245883BB006AA6CF /* Debug */,
				208C2EBB245883BB006AA6CF /* Release */,
			);
			defaultConfigurationIsVisible = 0;
			defaultConfigurationName = Release;
		};
		208C2EBC245883BB006AA6CF /* Build configuration list for PBXNativeTarget "NetworkClient" */ = {
			isa = XCConfigurationList;
			buildConfigurations = (
				208C2EBD245883BB006AA6CF /* Debug */,
				208C2EBE245883BB006AA6CF /* Release */,
			);
			defaultConfigurationIsVisible = 0;
			defaultConfigurationName = Release;
		};
		208C2EBF245883BB006AA6CF /* Build configuration list for PBXNativeTarget "NetworkClientTests" */ = {
			isa = XCConfigurationList;
			buildConfigurations = (
				208C2EC0245883BB006AA6CF /* Debug */,
				208C2EC1245883BB006AA6CF /* Release */,
			);
			defaultConfigurationIsVisible = 0;
			defaultConfigurationName = Release;
		};
/* End XCConfigurationList section */
	};
	rootObject = 208C2E9F245883BA006AA6CF /* Project object */;
}
