// !$*UTF8*$!
{
	archiveVersion = 1;
	classes = {
	};
	objectVersion = 50;
	objects = {

/* Begin PBXBuildFile section */
		2037AB1F2459F30300B0EEB9 /* NetworkClient.framework in Frameworks */ = {isa = PBXBuildFile; fileRef = 208C2EC8245883BC006AA6CF /* NetworkClient.framework */; };
		2037AB202459F30300B0EEB9 /* NetworkClient.framework in Embed Frameworks */ = {isa = PBXBuildFile; fileRef = 208C2EC8245883BC006AA6CF /* NetworkClient.framework */; settings = {ATTRIBUTES = (CodeSignOnCopy, RemoveHeadersOnCopy, ); }; };
		203943CD245B3E77002C4B1A /* HandleError.swift in Sources */ = {isa = PBXBuildFile; fileRef = 203943CC245B3E77002C4B1A /* HandleError.swift */; };
		2039DEF4245DF0E6000FF7C2 /* Localized.strings in Resources */ = {isa = PBXBuildFile; fileRef = 2039DEF3245DF0E6000FF7C2 /* Localized.strings */; };
		2039DEF8245DF365000FF7C2 /* MoviesListPresenter.swift in Sources */ = {isa = PBXBuildFile; fileRef = 2039DEF7245DF365000FF7C2 /* MoviesListPresenter.swift */; };
		2039DEFA245DF41A000FF7C2 /* NetworkInteractorInput.swift in Sources */ = {isa = PBXBuildFile; fileRef = 2039DEF9245DF41A000FF7C2 /* NetworkInteractorInput.swift */; };
		2039DEFE245DF4A7000FF7C2 /* NetworkInteractor.swift in Sources */ = {isa = PBXBuildFile; fileRef = 2039DEFD245DF4A7000FF7C2 /* NetworkInteractor.swift */; };
		2039DF00245DF94F000FF7C2 /* MoviesListBuilder.swift in Sources */ = {isa = PBXBuildFile; fileRef = 2039DEFF245DF94F000FF7C2 /* MoviesListBuilder.swift */; };
		2055E5E1245DEE08007FEB74 /* MoviesListViewInput.swift in Sources */ = {isa = PBXBuildFile; fileRef = 2055E5E0245DEE08007FEB74 /* MoviesListViewInput.swift */; };
		2055E5E3245DEE1F007FEB74 /* MoviesListViewOutput.swift in Sources */ = {isa = PBXBuildFile; fileRef = 2055E5E2245DEE1F007FEB74 /* MoviesListViewOutput.swift */; };
		2055E5E5245DEEE1007FEB74 /* MoviesListRouterInput.swift in Sources */ = {isa = PBXBuildFile; fileRef = 2055E5E4245DEEE1007FEB74 /* MoviesListRouterInput.swift */; };
		2055E5E7245DEF38007FEB74 /* MoviesListRouter.swift in Sources */ = {isa = PBXBuildFile; fileRef = 2055E5E6245DEF38007FEB74 /* MoviesListRouter.swift */; };
		205FCDED245FC43E0025108C /* PersistenceInteractorInput.swift in Sources */ = {isa = PBXBuildFile; fileRef = 205FCDEC245FC43E0025108C /* PersistenceInteractorInput.swift */; };
		205FCDEF245FC45E0025108C /* PersistenceInteractor.swift in Sources */ = {isa = PBXBuildFile; fileRef = 205FCDEE245FC45E0025108C /* PersistenceInteractor.swift */; };
		205FCE01246029E30025108C /* MovieDetailBuilderTests.swift in Sources */ = {isa = PBXBuildFile; fileRef = 205FCE00246029E30025108C /* MovieDetailBuilderTests.swift */; };
		205FCE0524602DF40025108C /* MovieDetailInteractorTests.swift in Sources */ = {isa = PBXBuildFile; fileRef = 205FCE0424602DF40025108C /* MovieDetailInteractorTests.swift */; };
		205FCE0724602F300025108C /* MockService.swift in Sources */ = {isa = PBXBuildFile; fileRef = 205FCE0624602F300025108C /* MockService.swift */; };
		205FCE0924602FF30025108C /* defaultExpectation.swift in Sources */ = {isa = PBXBuildFile; fileRef = 205FCE0824602FF30025108C /* defaultExpectation.swift */; };
		205FCE0D246035840025108C /* MovieDetailPresenterTests.swift in Sources */ = {isa = PBXBuildFile; fileRef = 205FCE0C246035840025108C /* MovieDetailPresenterTests.swift */; };
		20793BB8245EA59E0008ADEC /* MovieDetailViewController.swift in Sources */ = {isa = PBXBuildFile; fileRef = 20793BB7245EA59E0008ADEC /* MovieDetailViewController.swift */; };
		20793BBB245EAC680008ADEC /* MovieDetailViewOutput.swift in Sources */ = {isa = PBXBuildFile; fileRef = 20793BBA245EAC680008ADEC /* MovieDetailViewOutput.swift */; };
		20793BBD245EACA80008ADEC /* MovieDetailViewInput.swift in Sources */ = {isa = PBXBuildFile; fileRef = 20793BBC245EACA80008ADEC /* MovieDetailViewInput.swift */; };
		20793BBF245EACD40008ADEC /* MovieDetailPresenter.swift in Sources */ = {isa = PBXBuildFile; fileRef = 20793BBE245EACD40008ADEC /* MovieDetailPresenter.swift */; };
		20793BC2245EADEC0008ADEC /* MovieDetailInteractor.swift in Sources */ = {isa = PBXBuildFile; fileRef = 20793BC1245EADEC0008ADEC /* MovieDetailInteractor.swift */; };
		20793BC4245EAE060008ADEC /* MovieDetailInteractorInput.swift in Sources */ = {isa = PBXBuildFile; fileRef = 20793BC3245EAE060008ADEC /* MovieDetailInteractorInput.swift */; };
		20793BC7245EAF5B0008ADEC /* MovieDetailBuilder.swift in Sources */ = {isa = PBXBuildFile; fileRef = 20793BC6245EAF5B0008ADEC /* MovieDetailBuilder.swift */; };
		20793BCF245EDFB50008ADEC /* Persistence.swift in Sources */ = {isa = PBXBuildFile; fileRef = 20793BCE245EDFB50008ADEC /* Persistence.swift */; };
		20793BD1245EE00E0008ADEC /* CoreDataPersistence.swift in Sources */ = {isa = PBXBuildFile; fileRef = 20793BD0245EE00E0008ADEC /* CoreDataPersistence.swift */; };
		208C2E6C24587C2B006AA6CF /* AppDelegate.swift in Sources */ = {isa = PBXBuildFile; fileRef = 208C2E6B24587C2B006AA6CF /* AppDelegate.swift */; };
		208C2E6E24587C2B006AA6CF /* SceneDelegate.swift in Sources */ = {isa = PBXBuildFile; fileRef = 208C2E6D24587C2B006AA6CF /* SceneDelegate.swift */; };
		208C2E7024587C2B006AA6CF /* MoviesViewController.swift in Sources */ = {isa = PBXBuildFile; fileRef = 208C2E6F24587C2B006AA6CF /* MoviesViewController.swift */; };
		208C2E7324587C2B006AA6CF /* Main.storyboard in Resources */ = {isa = PBXBuildFile; fileRef = 208C2E7124587C2B006AA6CF /* Main.storyboard */; };
		208C2E7624587C2B006AA6CF /* Movies.xcdatamodeld in Sources */ = {isa = PBXBuildFile; fileRef = 208C2E7424587C2B006AA6CF /* Movies.xcdatamodeld */; };
		208C2E7824587C2C006AA6CF /* Assets.xcassets in Resources */ = {isa = PBXBuildFile; fileRef = 208C2E7724587C2C006AA6CF /* Assets.xcassets */; };
		208C2E7B24587C2C006AA6CF /* LaunchScreen.storyboard in Resources */ = {isa = PBXBuildFile; fileRef = 208C2E7924587C2C006AA6CF /* LaunchScreen.storyboard */; };
		208C2E8624587C2D006AA6CF /* MoviesTests.swift in Sources */ = {isa = PBXBuildFile; fileRef = 208C2E8524587C2D006AA6CF /* MoviesTests.swift */; };
		208C2E9124587C2D006AA6CF /* MoviesUITests.swift in Sources */ = {isa = PBXBuildFile; fileRef = 208C2E9024587C2D006AA6CF /* MoviesUITests.swift */; };
		20ACB44B245C432E00E5A7DA /* MovieSection.swift in Sources */ = {isa = PBXBuildFile; fileRef = 20ACB44A245C432E00E5A7DA /* MovieSection.swift */; };
		20AF0954245EE36E009445D9 /* MovieEntity+Movie.swift in Sources */ = {isa = PBXBuildFile; fileRef = 20AF0953245EE36E009445D9 /* MovieEntity+Movie.swift */; };
		20AF0959245F30D7009445D9 /* Category.swift in Sources */ = {isa = PBXBuildFile; fileRef = 20AF0958245F30D7009445D9 /* Category.swift */; };
		20F374A9245D4A0200F83E95 /* Movie.swift in Sources */ = {isa = PBXBuildFile; fileRef = 20F374A8245D4A0200F83E95 /* Movie.swift */; };
		20F374AC245D4AEB00F83E95 /* MovieItem+Movie.swift in Sources */ = {isa = PBXBuildFile; fileRef = 20F374AB245D4AEB00F83E95 /* MovieItem+Movie.swift */; };
		20F374AF245D510800F83E95 /* MovieTableViewCell.swift in Sources */ = {isa = PBXBuildFile; fileRef = 20F374AE245D510800F83E95 /* MovieTableViewCell.swift */; };
/* End PBXBuildFile section */

/* Begin PBXContainerItemProxy section */
		208C2E8224587C2D006AA6CF /* PBXContainerItemProxy */ = {
			isa = PBXContainerItemProxy;
			containerPortal = 208C2E6024587C2B006AA6CF /* Project object */;
			proxyType = 1;
			remoteGlobalIDString = 208C2E6724587C2B006AA6CF;
			remoteInfo = Movies;
		};
		208C2E8D24587C2D006AA6CF /* PBXContainerItemProxy */ = {
			isa = PBXContainerItemProxy;
			containerPortal = 208C2E6024587C2B006AA6CF /* Project object */;
			proxyType = 1;
			remoteGlobalIDString = 208C2E6724587C2B006AA6CF;
			remoteInfo = Movies;
		};
		208C2EC7245883BC006AA6CF /* PBXContainerItemProxy */ = {
			isa = PBXContainerItemProxy;
			containerPortal = 208C2EC2245883BB006AA6CF /* NetworkClient.xcodeproj */;
			proxyType = 2;
			remoteGlobalIDString = 208C2EA8245883BA006AA6CF;
			remoteInfo = NetworkClient;
		};
		208C2EC9245883BC006AA6CF /* PBXContainerItemProxy */ = {
			isa = PBXContainerItemProxy;
			containerPortal = 208C2EC2245883BB006AA6CF /* NetworkClient.xcodeproj */;
			proxyType = 2;
			remoteGlobalIDString = 208C2EB1245883BB006AA6CF;
			remoteInfo = NetworkClientTests;
		};
/* End PBXContainerItemProxy section */

/* Begin PBXCopyFilesBuildPhase section */
		2037AB212459F30300B0EEB9 /* Embed Frameworks */ = {
			isa = PBXCopyFilesBuildPhase;
			buildActionMask = 2147483647;
			dstPath = "";
			dstSubfolderSpec = 10;
			files = (
				2037AB202459F30300B0EEB9 /* NetworkClient.framework in Embed Frameworks */,
			);
			name = "Embed Frameworks";
			runOnlyForDeploymentPostprocessing = 0;
		};
/* End PBXCopyFilesBuildPhase section */

/* Begin PBXFileReference section */
		203943CC245B3E77002C4B1A /* HandleError.swift */ = {isa = PBXFileReference; lastKnownFileType = sourcecode.swift; path = HandleError.swift; sourceTree = "<group>"; };
		2039DEF3245DF0E6000FF7C2 /* Localized.strings */ = {isa = PBXFileReference; lastKnownFileType = text.plist.strings; path = Localized.strings; sourceTree = "<group>"; };
		2039DEF7245DF365000FF7C2 /* MoviesListPresenter.swift */ = {isa = PBXFileReference; lastKnownFileType = sourcecode.swift; path = MoviesListPresenter.swift; sourceTree = "<group>"; };
		2039DEF9245DF41A000FF7C2 /* NetworkInteractorInput.swift */ = {isa = PBXFileReference; lastKnownFileType = sourcecode.swift; path = NetworkInteractorInput.swift; sourceTree = "<group>"; };
		2039DEFD245DF4A7000FF7C2 /* NetworkInteractor.swift */ = {isa = PBXFileReference; lastKnownFileType = sourcecode.swift; path = NetworkInteractor.swift; sourceTree = "<group>"; };
		2039DEFF245DF94F000FF7C2 /* MoviesListBuilder.swift */ = {isa = PBXFileReference; lastKnownFileType = sourcecode.swift; path = MoviesListBuilder.swift; sourceTree = "<group>"; };
		2055E5E0245DEE08007FEB74 /* MoviesListViewInput.swift */ = {isa = PBXFileReference; lastKnownFileType = sourcecode.swift; path = MoviesListViewInput.swift; sourceTree = "<group>"; };
		2055E5E2245DEE1F007FEB74 /* MoviesListViewOutput.swift */ = {isa = PBXFileReference; lastKnownFileType = sourcecode.swift; path = MoviesListViewOutput.swift; sourceTree = "<group>"; };
		2055E5E4245DEEE1007FEB74 /* MoviesListRouterInput.swift */ = {isa = PBXFileReference; lastKnownFileType = sourcecode.swift; path = MoviesListRouterInput.swift; sourceTree = "<group>"; };
		2055E5E6245DEF38007FEB74 /* MoviesListRouter.swift */ = {isa = PBXFileReference; lastKnownFileType = sourcecode.swift; path = MoviesListRouter.swift; sourceTree = "<group>"; };
		205FCDEC245FC43E0025108C /* PersistenceInteractorInput.swift */ = {isa = PBXFileReference; lastKnownFileType = sourcecode.swift; path = PersistenceInteractorInput.swift; sourceTree = "<group>"; };
		205FCDEE245FC45E0025108C /* PersistenceInteractor.swift */ = {isa = PBXFileReference; lastKnownFileType = sourcecode.swift; path = PersistenceInteractor.swift; sourceTree = "<group>"; };
		205FCE00246029E30025108C /* MovieDetailBuilderTests.swift */ = {isa = PBXFileReference; lastKnownFileType = sourcecode.swift; path = MovieDetailBuilderTests.swift; sourceTree = "<group>"; };
		205FCE0424602DF40025108C /* MovieDetailInteractorTests.swift */ = {isa = PBXFileReference; lastKnownFileType = sourcecode.swift; path = MovieDetailInteractorTests.swift; sourceTree = "<group>"; };
		205FCE0624602F300025108C /* MockService.swift */ = {isa = PBXFileReference; lastKnownFileType = sourcecode.swift; path = MockService.swift; sourceTree = "<group>"; };
		205FCE0824602FF30025108C /* defaultExpectation.swift */ = {isa = PBXFileReference; lastKnownFileType = sourcecode.swift; path = defaultExpectation.swift; sourceTree = "<group>"; };
		205FCE0C246035840025108C /* MovieDetailPresenterTests.swift */ = {isa = PBXFileReference; lastKnownFileType = sourcecode.swift; path = MovieDetailPresenterTests.swift; sourceTree = "<group>"; };
		20793BB7245EA59E0008ADEC /* MovieDetailViewController.swift */ = {isa = PBXFileReference; lastKnownFileType = sourcecode.swift; path = MovieDetailViewController.swift; sourceTree = "<group>"; };
		20793BBA245EAC680008ADEC /* MovieDetailViewOutput.swift */ = {isa = PBXFileReference; lastKnownFileType = sourcecode.swift; path = MovieDetailViewOutput.swift; sourceTree = "<group>"; };
		20793BBC245EACA80008ADEC /* MovieDetailViewInput.swift */ = {isa = PBXFileReference; lastKnownFileType = sourcecode.swift; path = MovieDetailViewInput.swift; sourceTree = "<group>"; };
		20793BBE245EACD40008ADEC /* MovieDetailPresenter.swift */ = {isa = PBXFileReference; lastKnownFileType = sourcecode.swift; path = MovieDetailPresenter.swift; sourceTree = "<group>"; };
		20793BC1245EADEC0008ADEC /* MovieDetailInteractor.swift */ = {isa = PBXFileReference; lastKnownFileType = sourcecode.swift; path = MovieDetailInteractor.swift; sourceTree = "<group>"; };
		20793BC3245EAE060008ADEC /* MovieDetailInteractorInput.swift */ = {isa = PBXFileReference; lastKnownFileType = sourcecode.swift; path = MovieDetailInteractorInput.swift; sourceTree = "<group>"; };
		20793BC6245EAF5B0008ADEC /* MovieDetailBuilder.swift */ = {isa = PBXFileReference; lastKnownFileType = sourcecode.swift; path = MovieDetailBuilder.swift; sourceTree = "<group>"; };
		20793BCE245EDFB50008ADEC /* Persistence.swift */ = {isa = PBXFileReference; lastKnownFileType = sourcecode.swift; path = Persistence.swift; sourceTree = "<group>"; };
		20793BD0245EE00E0008ADEC /* CoreDataPersistence.swift */ = {isa = PBXFileReference; lastKnownFileType = sourcecode.swift; path = CoreDataPersistence.swift; sourceTree = "<group>"; };
		208C2E6824587C2B006AA6CF /* Movies.app */ = {isa = PBXFileReference; explicitFileType = wrapper.application; includeInIndex = 0; path = Movies.app; sourceTree = BUILT_PRODUCTS_DIR; };
		208C2E6B24587C2B006AA6CF /* AppDelegate.swift */ = {isa = PBXFileReference; lastKnownFileType = sourcecode.swift; path = AppDelegate.swift; sourceTree = "<group>"; };
		208C2E6D24587C2B006AA6CF /* SceneDelegate.swift */ = {isa = PBXFileReference; lastKnownFileType = sourcecode.swift; path = SceneDelegate.swift; sourceTree = "<group>"; };
		208C2E6F24587C2B006AA6CF /* MoviesViewController.swift */ = {isa = PBXFileReference; lastKnownFileType = sourcecode.swift; path = MoviesViewController.swift; sourceTree = "<group>"; };
		208C2E7224587C2B006AA6CF /* Base */ = {isa = PBXFileReference; lastKnownFileType = file.storyboard; name = Base; path = Base.lproj/Main.storyboard; sourceTree = "<group>"; };
		208C2E7524587C2B006AA6CF /* Movies.xcdatamodel */ = {isa = PBXFileReference; lastKnownFileType = wrapper.xcdatamodel; path = Movies.xcdatamodel; sourceTree = "<group>"; };
		208C2E7724587C2C006AA6CF /* Assets.xcassets */ = {isa = PBXFileReference; lastKnownFileType = folder.assetcatalog; path = Assets.xcassets; sourceTree = "<group>"; };
		208C2E7A24587C2C006AA6CF /* Base */ = {isa = PBXFileReference; lastKnownFileType = file.storyboard; name = Base; path = Base.lproj/LaunchScreen.storyboard; sourceTree = "<group>"; };
		208C2E7C24587C2C006AA6CF /* Info.plist */ = {isa = PBXFileReference; lastKnownFileType = text.plist.xml; path = Info.plist; sourceTree = "<group>"; };
		208C2E8124587C2D006AA6CF /* MoviesTests.xctest */ = {isa = PBXFileReference; explicitFileType = wrapper.cfbundle; includeInIndex = 0; path = MoviesTests.xctest; sourceTree = BUILT_PRODUCTS_DIR; };
		208C2E8524587C2D006AA6CF /* MoviesTests.swift */ = {isa = PBXFileReference; lastKnownFileType = sourcecode.swift; path = MoviesTests.swift; sourceTree = "<group>"; };
		208C2E8724587C2D006AA6CF /* Info.plist */ = {isa = PBXFileReference; lastKnownFileType = text.plist.xml; path = Info.plist; sourceTree = "<group>"; };
		208C2E8C24587C2D006AA6CF /* MoviesUITests.xctest */ = {isa = PBXFileReference; explicitFileType = wrapper.cfbundle; includeInIndex = 0; path = MoviesUITests.xctest; sourceTree = BUILT_PRODUCTS_DIR; };
		208C2E9024587C2D006AA6CF /* MoviesUITests.swift */ = {isa = PBXFileReference; lastKnownFileType = sourcecode.swift; path = MoviesUITests.swift; sourceTree = "<group>"; };
		208C2E9224587C2D006AA6CF /* Info.plist */ = {isa = PBXFileReference; lastKnownFileType = text.plist.xml; path = Info.plist; sourceTree = "<group>"; };
		208C2EC2245883BB006AA6CF /* NetworkClient.xcodeproj */ = {isa = PBXFileReference; lastKnownFileType = "wrapper.pb-project"; name = NetworkClient.xcodeproj; path = NetworkClient/NetworkClient.xcodeproj; sourceTree = "<group>"; };
		20ACB44A245C432E00E5A7DA /* MovieSection.swift */ = {isa = PBXFileReference; lastKnownFileType = sourcecode.swift; path = MovieSection.swift; sourceTree = "<group>"; };
		20AF0953245EE36E009445D9 /* MovieEntity+Movie.swift */ = {isa = PBXFileReference; lastKnownFileType = sourcecode.swift; path = "MovieEntity+Movie.swift"; sourceTree = "<group>"; };
		20AF0958245F30D7009445D9 /* Category.swift */ = {isa = PBXFileReference; lastKnownFileType = sourcecode.swift; path = Category.swift; sourceTree = "<group>"; };
		20F374A8245D4A0200F83E95 /* Movie.swift */ = {isa = PBXFileReference; lastKnownFileType = sourcecode.swift; path = Movie.swift; sourceTree = "<group>"; };
		20F374AB245D4AEB00F83E95 /* MovieItem+Movie.swift */ = {isa = PBXFileReference; lastKnownFileType = sourcecode.swift; path = "MovieItem+Movie.swift"; sourceTree = "<group>"; };
		20F374AE245D510800F83E95 /* MovieTableViewCell.swift */ = {isa = PBXFileReference; lastKnownFileType = sourcecode.swift; path = MovieTableViewCell.swift; sourceTree = "<group>"; };
/* End PBXFileReference section */

/* Begin PBXFrameworksBuildPhase section */
		208C2E6524587C2B006AA6CF /* Frameworks */ = {
			isa = PBXFrameworksBuildPhase;
			buildActionMask = 2147483647;
			files = (
				2037AB1F2459F30300B0EEB9 /* NetworkClient.framework in Frameworks */,
			);
			runOnlyForDeploymentPostprocessing = 0;
		};
		208C2E7E24587C2D006AA6CF /* Frameworks */ = {
			isa = PBXFrameworksBuildPhase;
			buildActionMask = 2147483647;
			files = (
			);
			runOnlyForDeploymentPostprocessing = 0;
		};
		208C2E8924587C2D006AA6CF /* Frameworks */ = {
			isa = PBXFrameworksBuildPhase;
			buildActionMask = 2147483647;
			files = (
			);
			runOnlyForDeploymentPostprocessing = 0;
		};
/* End PBXFrameworksBuildPhase section */

/* Begin PBXGroup section */
		2037AB1C2459F30300B0EEB9 /* Frameworks */ = {
			isa = PBXGroup;
			children = (
			);
			name = Frameworks;
			sourceTree = "<group>";
		};
		203943CB245B3E5A002C4B1A /* HandleError */ = {
			isa = PBXGroup;
			children = (
				203943CC245B3E77002C4B1A /* HandleError.swift */,
			);
			path = HandleError;
			sourceTree = "<group>";
		};
		2055E5D7245DE8C7007FEB74 /* Modules */ = {
			isa = PBXGroup;
			children = (
				20793BB5245EA5640008ADEC /* Detail */,
				2055E5DA245DE8DD007FEB74 /* List */,
			);
			path = Modules;
			sourceTree = "<group>";
		};
		2055E5DA245DE8DD007FEB74 /* List */ = {
			isa = PBXGroup;
			children = (
				2055E5DB245DE8E8007FEB74 /* Builder */,
				2055E5DC245DED72007FEB74 /* Interactor */,
				2055E5DD245DED7E007FEB74 /* Presenter */,
				2055E5DE245DED88007FEB74 /* Router */,
				2055E5DF245DED91007FEB74 /* View */,
			);
			path = List;
			sourceTree = "<group>";
		};
		2055E5DB245DE8E8007FEB74 /* Builder */ = {
			isa = PBXGroup;
			children = (
				2039DEFF245DF94F000FF7C2 /* MoviesListBuilder.swift */,
			);
			path = Builder;
			sourceTree = "<group>";
		};
		2055E5DC245DED72007FEB74 /* Interactor */ = {
			isa = PBXGroup;
			children = (
				2039DEFD245DF4A7000FF7C2 /* NetworkInteractor.swift */,
				2039DEF9245DF41A000FF7C2 /* NetworkInteractorInput.swift */,
				205FCDEE245FC45E0025108C /* PersistenceInteractor.swift */,
				205FCDEC245FC43E0025108C /* PersistenceInteractorInput.swift */,
			);
			path = Interactor;
			sourceTree = "<group>";
		};
		2055E5DD245DED7E007FEB74 /* Presenter */ = {
			isa = PBXGroup;
			children = (
				2039DEF7245DF365000FF7C2 /* MoviesListPresenter.swift */,
			);
			path = Presenter;
			sourceTree = "<group>";
		};
		2055E5DE245DED88007FEB74 /* Router */ = {
			isa = PBXGroup;
			children = (
				2055E5E6245DEF38007FEB74 /* MoviesListRouter.swift */,
				2055E5E4245DEEE1007FEB74 /* MoviesListRouterInput.swift */,
			);
			path = Router;
			sourceTree = "<group>";
		};
		2055E5DF245DED91007FEB74 /* View */ = {
			isa = PBXGroup;
			children = (
				20F374AD245D50F600F83E95 /* TableViewCell */,
				20ACB44A245C432E00E5A7DA /* MovieSection.swift */,
				2055E5E0245DEE08007FEB74 /* MoviesListViewInput.swift */,
				2055E5E2245DEE1F007FEB74 /* MoviesListViewOutput.swift */,
				208C2E6F24587C2B006AA6CF /* MoviesViewController.swift */,
			);
			path = View;
			sourceTree = "<group>";
		};
		205FCE0224602D5A0025108C /* Modules */ = {
			isa = PBXGroup;
			children = (
				205FCE0324602D650025108C /* Details */,
			);
			path = Modules;
			sourceTree = "<group>";
		};
		205FCE0324602D650025108C /* Details */ = {
			isa = PBXGroup;
			children = (
				205FCE00246029E30025108C /* MovieDetailBuilderTests.swift */,
				205FCE0424602DF40025108C /* MovieDetailInteractorTests.swift */,
				205FCE0C246035840025108C /* MovieDetailPresenterTests.swift */,
			);
			path = Details;
			sourceTree = "<group>";
		};
		20793BB5245EA5640008ADEC /* Detail */ = {
			isa = PBXGroup;
			children = (
				20793BC5245EAF4C0008ADEC /* Builder */,
				20793BC0245EADDA0008ADEC /* Interactor */,
				20793BB9245EA6B70008ADEC /* Presenter */,
				20793BB6245EA5860008ADEC /* View */,
			);
			path = Detail;
			sourceTree = "<group>";
		};
		20793BB6245EA5860008ADEC /* View */ = {
			isa = PBXGroup;
			children = (
				20793BB7245EA59E0008ADEC /* MovieDetailViewController.swift */,
				20793BBC245EACA80008ADEC /* MovieDetailViewInput.swift */,
				20793BBA245EAC680008ADEC /* MovieDetailViewOutput.swift */,
			);
			path = View;
			sourceTree = "<group>";
		};
		20793BB9245EA6B70008ADEC /* Presenter */ = {
			isa = PBXGroup;
			children = (
				20793BBE245EACD40008ADEC /* MovieDetailPresenter.swift */,
			);
			path = Presenter;
			sourceTree = "<group>";
		};
		20793BC0245EADDA0008ADEC /* Interactor */ = {
			isa = PBXGroup;
			children = (
				20793BC1245EADEC0008ADEC /* MovieDetailInteractor.swift */,
				20793BC3245EAE060008ADEC /* MovieDetailInteractorInput.swift */,
			);
			path = Interactor;
			sourceTree = "<group>";
		};
		20793BC5245EAF4C0008ADEC /* Builder */ = {
			isa = PBXGroup;
			children = (
				20793BC6245EAF5B0008ADEC /* MovieDetailBuilder.swift */,
			);
			path = Builder;
			sourceTree = "<group>";
		};
		20793BCB245EDFA10008ADEC /* Persistence */ = {
			isa = PBXGroup;
			children = (
				20793BD0245EE00E0008ADEC /* CoreDataPersistence.swift */,
				20AF0953245EE36E009445D9 /* MovieEntity+Movie.swift */,
				20793BCE245EDFB50008ADEC /* Persistence.swift */,
			);
			path = Persistence;
			sourceTree = "<group>";
		};
		2085D755245AF37600EBA3D5 /* App */ = {
			isa = PBXGroup;
			children = (
				208C2E6B24587C2B006AA6CF /* AppDelegate.swift */,
				208C2E6D24587C2B006AA6CF /* SceneDelegate.swift */,
			);
			path = App;
			sourceTree = "<group>";
		};
		2085D756245AF38100EBA3D5 /* Storyboard */ = {
			isa = PBXGroup;
			children = (
				208C2E7924587C2C006AA6CF /* LaunchScreen.storyboard */,
				208C2E7124587C2B006AA6CF /* Main.storyboard */,
			);
			path = Storyboard;
			sourceTree = "<group>";
		};
		208C2E5F24587C2B006AA6CF = {
			isa = PBXGroup;
			children = (
				208C2EC2245883BB006AA6CF /* NetworkClient.xcodeproj */,
				208C2E6A24587C2B006AA6CF /* Movies */,
				208C2E8424587C2D006AA6CF /* MoviesTests */,
				208C2E8F24587C2D006AA6CF /* MoviesUITests */,
				208C2E6924587C2B006AA6CF /* Products */,
				2037AB1C2459F30300B0EEB9 /* Frameworks */,
			);
			sourceTree = "<group>";
		};
		208C2E6924587C2B006AA6CF /* Products */ = {
			isa = PBXGroup;
			children = (
				208C2E6824587C2B006AA6CF /* Movies.app */,
				208C2E8124587C2D006AA6CF /* MoviesTests.xctest */,
				208C2E8C24587C2D006AA6CF /* MoviesUITests.xctest */,
			);
			name = Products;
			sourceTree = "<group>";
		};
		208C2E6A24587C2B006AA6CF /* Movies */ = {
			isa = PBXGroup;
			children = (
				2085D755245AF37600EBA3D5 /* App */,
				20F374AA245D4ACA00F83E95 /* Extensions */,
				203943CB245B3E5A002C4B1A /* HandleError */,
				20F374A5245D49F000F83E95 /* Model */,
				2055E5D7245DE8C7007FEB74 /* Modules */,
				20793BCB245EDFA10008ADEC /* Persistence */,
				2085D756245AF38100EBA3D5 /* Storyboard */,
				208C2E7724587C2C006AA6CF /* Assets.xcassets */,
				208C2E7C24587C2C006AA6CF /* Info.plist */,
				2039DEF3245DF0E6000FF7C2 /* Localized.strings */,
				208C2E7424587C2B006AA6CF /* Movies.xcdatamodeld */,
			);
			path = Movies;
			sourceTree = "<group>";
		};
		208C2E8424587C2D006AA6CF /* MoviesTests */ = {
			isa = PBXGroup;
			children = (
				205FCE0224602D5A0025108C /* Modules */,
				208C2E8524587C2D006AA6CF /* MoviesTests.swift */,
				208C2E8724587C2D006AA6CF /* Info.plist */,
				205FCE0624602F300025108C /* MockService.swift */,
				205FCE0824602FF30025108C /* defaultExpectation.swift */,
			);
			path = MoviesTests;
			sourceTree = "<group>";
		};
		208C2E8F24587C2D006AA6CF /* MoviesUITests */ = {
			isa = PBXGroup;
			children = (
				208C2E9024587C2D006AA6CF /* MoviesUITests.swift */,
				208C2E9224587C2D006AA6CF /* Info.plist */,
			);
			path = MoviesUITests;
			sourceTree = "<group>";
		};
		208C2EC3245883BB006AA6CF /* Products */ = {
			isa = PBXGroup;
			children = (
				208C2EC8245883BC006AA6CF /* NetworkClient.framework */,
				208C2ECA245883BC006AA6CF /* NetworkClientTests.xctest */,
			);
			name = Products;
			sourceTree = "<group>";
		};
		20F374A5245D49F000F83E95 /* Model */ = {
			isa = PBXGroup;
			children = (
				20AF0958245F30D7009445D9 /* Category.swift */,
				20F374A8245D4A0200F83E95 /* Movie.swift */,
			);
			path = Model;
			sourceTree = "<group>";
		};
		20F374AA245D4ACA00F83E95 /* Extensions */ = {
			isa = PBXGroup;
			children = (
				20F374AB245D4AEB00F83E95 /* MovieItem+Movie.swift */,
			);
			path = Extensions;
			sourceTree = "<group>";
		};
		20F374AD245D50F600F83E95 /* TableViewCell */ = {
			isa = PBXGroup;
			children = (
				20F374AE245D510800F83E95 /* MovieTableViewCell.swift */,
			);
			path = TableViewCell;
			sourceTree = "<group>";
		};
/* End PBXGroup section */

/* Begin PBXNativeTarget section */
		208C2E6724587C2B006AA6CF /* Movies */ = {
			isa = PBXNativeTarget;
			buildConfigurationList = 208C2E9524587C2D006AA6CF /* Build configuration list for PBXNativeTarget "Movies" */;
			buildPhases = (
				208C2E6424587C2B006AA6CF /* Sources */,
				208C2E6524587C2B006AA6CF /* Frameworks */,
				208C2E6624587C2B006AA6CF /* Resources */,
				2037AB212459F30300B0EEB9 /* Embed Frameworks */,
			);
			buildRules = (
			);
			dependencies = (
			);
			name = Movies;
			productName = Movies;
			productReference = 208C2E6824587C2B006AA6CF /* Movies.app */;
			productType = "com.apple.product-type.application";
		};
		208C2E8024587C2D006AA6CF /* MoviesTests */ = {
			isa = PBXNativeTarget;
			buildConfigurationList = 208C2E9824587C2D006AA6CF /* Build configuration list for PBXNativeTarget "MoviesTests" */;
			buildPhases = (
				208C2E7D24587C2D006AA6CF /* Sources */,
				208C2E7E24587C2D006AA6CF /* Frameworks */,
				208C2E7F24587C2D006AA6CF /* Resources */,
			);
			buildRules = (
			);
			dependencies = (
				208C2E8324587C2D006AA6CF /* PBXTargetDependency */,
			);
			name = MoviesTests;
			productName = MoviesTests;
			productReference = 208C2E8124587C2D006AA6CF /* MoviesTests.xctest */;
			productType = "com.apple.product-type.bundle.unit-test";
		};
		208C2E8B24587C2D006AA6CF /* MoviesUITests */ = {
			isa = PBXNativeTarget;
			buildConfigurationList = 208C2E9B24587C2D006AA6CF /* Build configuration list for PBXNativeTarget "MoviesUITests" */;
			buildPhases = (
				208C2E8824587C2D006AA6CF /* Sources */,
				208C2E8924587C2D006AA6CF /* Frameworks */,
				208C2E8A24587C2D006AA6CF /* Resources */,
			);
			buildRules = (
			);
			dependencies = (
				208C2E8E24587C2D006AA6CF /* PBXTargetDependency */,
			);
			name = MoviesUITests;
			productName = MoviesUITests;
			productReference = 208C2E8C24587C2D006AA6CF /* MoviesUITests.xctest */;
			productType = "com.apple.product-type.bundle.ui-testing";
		};
/* End PBXNativeTarget section */

/* Begin PBXProject section */
		208C2E6024587C2B006AA6CF /* Project object */ = {
			isa = PBXProject;
			attributes = {
				LastSwiftUpdateCheck = 1140;
				LastUpgradeCheck = 1140;
				ORGANIZATIONNAME = Example;
				TargetAttributes = {
					208C2E6724587C2B006AA6CF = {
						CreatedOnToolsVersion = 11.4;
					};
					208C2E8024587C2D006AA6CF = {
						CreatedOnToolsVersion = 11.4;
						TestTargetID = 208C2E6724587C2B006AA6CF;
					};
					208C2E8B24587C2D006AA6CF = {
						CreatedOnToolsVersion = 11.4;
						TestTargetID = 208C2E6724587C2B006AA6CF;
					};
				};
			};
			buildConfigurationList = 208C2E6324587C2B006AA6CF /* Build configuration list for PBXProject "Movies" */;
			compatibilityVersion = "Xcode 9.3";
			developmentRegion = en;
			hasScannedForEncodings = 0;
			knownRegions = (
				en,
				Base,
			);
			mainGroup = 208C2E5F24587C2B006AA6CF;
			productRefGroup = 208C2E6924587C2B006AA6CF /* Products */;
			projectDirPath = "";
			projectReferences = (
				{
					ProductGroup = 208C2EC3245883BB006AA6CF /* Products */;
					ProjectRef = 208C2EC2245883BB006AA6CF /* NetworkClient.xcodeproj */;
				},
			);
			projectRoot = "";
			targets = (
				208C2E6724587C2B006AA6CF /* Movies */,
				208C2E8024587C2D006AA6CF /* MoviesTests */,
				208C2E8B24587C2D006AA6CF /* MoviesUITests */,
			);
		};
/* End PBXProject section */

/* Begin PBXReferenceProxy section */
		208C2EC8245883BC006AA6CF /* NetworkClient.framework */ = {
			isa = PBXReferenceProxy;
			fileType = wrapper.framework;
			path = NetworkClient.framework;
			remoteRef = 208C2EC7245883BC006AA6CF /* PBXContainerItemProxy */;
			sourceTree = BUILT_PRODUCTS_DIR;
		};
		208C2ECA245883BC006AA6CF /* NetworkClientTests.xctest */ = {
			isa = PBXReferenceProxy;
			fileType = wrapper.cfbundle;
			path = NetworkClientTests.xctest;
			remoteRef = 208C2EC9245883BC006AA6CF /* PBXContainerItemProxy */;
			sourceTree = BUILT_PRODUCTS_DIR;
		};
/* End PBXReferenceProxy section */

/* Begin PBXResourcesBuildPhase section */
		208C2E6624587C2B006AA6CF /* Resources */ = {
			isa = PBXResourcesBuildPhase;
			buildActionMask = 2147483647;
			files = (
				2039DEF4245DF0E6000FF7C2 /* Localized.strings in Resources */,
				208C2E7B24587C2C006AA6CF /* LaunchScreen.storyboard in Resources */,
				208C2E7824587C2C006AA6CF /* Assets.xcassets in Resources */,
				208C2E7324587C2B006AA6CF /* Main.storyboard in Resources */,
			);
			runOnlyForDeploymentPostprocessing = 0;
		};
		208C2E7F24587C2D006AA6CF /* Resources */ = {
			isa = PBXResourcesBuildPhase;
			buildActionMask = 2147483647;
			files = (
			);
			runOnlyForDeploymentPostprocessing = 0;
		};
		208C2E8A24587C2D006AA6CF /* Resources */ = {
			isa = PBXResourcesBuildPhase;
			buildActionMask = 2147483647;
			files = (
			);
			runOnlyForDeploymentPostprocessing = 0;
		};
/* End PBXResourcesBuildPhase section */

/* Begin PBXSourcesBuildPhase section */
		208C2E6424587C2B006AA6CF /* Sources */ = {
			isa = PBXSourcesBuildPhase;
			buildActionMask = 2147483647;
			files = (
				2039DEFA245DF41A000FF7C2 /* NetworkInteractorInput.swift in Sources */,
				20793BC4245EAE060008ADEC /* MovieDetailInteractorInput.swift in Sources */,
				2055E5E7245DEF38007FEB74 /* MoviesListRouter.swift in Sources */,
				2055E5E3245DEE1F007FEB74 /* MoviesListViewOutput.swift in Sources */,
				2039DF00245DF94F000FF7C2 /* MoviesListBuilder.swift in Sources */,
				208C2E7024587C2B006AA6CF /* MoviesViewController.swift in Sources */,
				20F374AC245D4AEB00F83E95 /* MovieItem+Movie.swift in Sources */,
				20ACB44B245C432E00E5A7DA /* MovieSection.swift in Sources */,
				205FCDEF245FC45E0025108C /* PersistenceInteractor.swift in Sources */,
				20793BBD245EACA80008ADEC /* MovieDetailViewInput.swift in Sources */,
				208C2E6C24587C2B006AA6CF /* AppDelegate.swift in Sources */,
				20793BB8245EA59E0008ADEC /* MovieDetailViewController.swift in Sources */,
				2039DEFE245DF4A7000FF7C2 /* NetworkInteractor.swift in Sources */,
				20793BBB245EAC680008ADEC /* MovieDetailViewOutput.swift in Sources */,
				2055E5E5245DEEE1007FEB74 /* MoviesListRouterInput.swift in Sources */,
				20F374A9245D4A0200F83E95 /* Movie.swift in Sources */,
				20AF0954245EE36E009445D9 /* MovieEntity+Movie.swift in Sources */,
				20793BC2245EADEC0008ADEC /* MovieDetailInteractor.swift in Sources */,
				20793BD1245EE00E0008ADEC /* CoreDataPersistence.swift in Sources */,
				2039DEF8245DF365000FF7C2 /* MoviesListPresenter.swift in Sources */,
				208C2E7624587C2B006AA6CF /* Movies.xcdatamodeld in Sources */,
				20793BBF245EACD40008ADEC /* MovieDetailPresenter.swift in Sources */,
				205FCDED245FC43E0025108C /* PersistenceInteractorInput.swift in Sources */,
				20793BCF245EDFB50008ADEC /* Persistence.swift in Sources */,
				203943CD245B3E77002C4B1A /* HandleError.swift in Sources */,
				20793BC7245EAF5B0008ADEC /* MovieDetailBuilder.swift in Sources */,
				2055E5E1245DEE08007FEB74 /* MoviesListViewInput.swift in Sources */,
				20F374AF245D510800F83E95 /* MovieTableViewCell.swift in Sources */,
				208C2E6E24587C2B006AA6CF /* SceneDelegate.swift in Sources */,
				20AF0959245F30D7009445D9 /* Category.swift in Sources */,
			);
			runOnlyForDeploymentPostprocessing = 0;
		};
		208C2E7D24587C2D006AA6CF /* Sources */ = {
			isa = PBXSourcesBuildPhase;
			buildActionMask = 2147483647;
			files = (
				208C2E8624587C2D006AA6CF /* MoviesTests.swift in Sources */,
				205FCE0524602DF40025108C /* MovieDetailInteractorTests.swift in Sources */,
				205FCE0D246035840025108C /* MovieDetailPresenterTests.swift in Sources */,
				205FCE01246029E30025108C /* MovieDetailBuilderTests.swift in Sources */,
				205FCE0924602FF30025108C /* defaultExpectation.swift in Sources */,
				205FCE0724602F300025108C /* MockService.swift in Sources */,
			);
			runOnlyForDeploymentPostprocessing = 0;
		};
		208C2E8824587C2D006AA6CF /* Sources */ = {
			isa = PBXSourcesBuildPhase;
			buildActionMask = 2147483647;
			files = (
				208C2E9124587C2D006AA6CF /* MoviesUITests.swift in Sources */,
			);
			runOnlyForDeploymentPostprocessing = 0;
		};
/* End PBXSourcesBuildPhase section */

/* Begin PBXTargetDependency section */
		208C2E8324587C2D006AA6CF /* PBXTargetDependency */ = {
			isa = PBXTargetDependency;
			target = 208C2E6724587C2B006AA6CF /* Movies */;
			targetProxy = 208C2E8224587C2D006AA6CF /* PBXContainerItemProxy */;
		};
		208C2E8E24587C2D006AA6CF /* PBXTargetDependency */ = {
			isa = PBXTargetDependency;
			target = 208C2E6724587C2B006AA6CF /* Movies */;
			targetProxy = 208C2E8D24587C2D006AA6CF /* PBXContainerItemProxy */;
		};
/* End PBXTargetDependency section */

/* Begin PBXVariantGroup section */
		208C2E7124587C2B006AA6CF /* Main.storyboard */ = {
			isa = PBXVariantGroup;
			children = (
				208C2E7224587C2B006AA6CF /* Base */,
			);
			name = Main.storyboard;
			sourceTree = "<group>";
		};
		208C2E7924587C2C006AA6CF /* LaunchScreen.storyboard */ = {
			isa = PBXVariantGroup;
			children = (
				208C2E7A24587C2C006AA6CF /* Base */,
			);
			name = LaunchScreen.storyboard;
			sourceTree = "<group>";
		};
/* End PBXVariantGroup section */

/* Begin XCBuildConfiguration section */
		208C2E9324587C2D006AA6CF /* Debug */ = {
			isa = XCBuildConfiguration;
			buildSettings = {
				ALWAYS_SEARCH_USER_PATHS = NO;
				CLANG_ANALYZER_NONNULL = YES;
				CLANG_ANALYZER_NUMBER_OBJECT_CONVERSION = YES_AGGRESSIVE;
				CLANG_CXX_LANGUAGE_STANDARD = "gnu++14";
				CLANG_CXX_LIBRARY = "libc++";
				CLANG_ENABLE_MODULES = YES;
				CLANG_ENABLE_OBJC_ARC = YES;
				CLANG_ENABLE_OBJC_WEAK = YES;
				CLANG_WARN_BLOCK_CAPTURE_AUTORELEASING = YES;
				CLANG_WARN_BOOL_CONVERSION = YES;
				CLANG_WARN_COMMA = YES;
				CLANG_WARN_CONSTANT_CONVERSION = YES;
				CLANG_WARN_DEPRECATED_OBJC_IMPLEMENTATIONS = YES;
				CLANG_WARN_DIRECT_OBJC_ISA_USAGE = YES_ERROR;
				CLANG_WARN_DOCUMENTATION_COMMENTS = YES;
				CLANG_WARN_EMPTY_BODY = YES;
				CLANG_WARN_ENUM_CONVERSION = YES;
				CLANG_WARN_INFINITE_RECURSION = YES;
				CLANG_WARN_INT_CONVERSION = YES;
				CLANG_WARN_NON_LITERAL_NULL_CONVERSION = YES;
				CLANG_WARN_OBJC_IMPLICIT_RETAIN_SELF = YES;
				CLANG_WARN_OBJC_LITERAL_CONVERSION = YES;
				CLANG_WARN_OBJC_ROOT_CLASS = YES_ERROR;
				CLANG_WARN_RANGE_LOOP_ANALYSIS = YES;
				CLANG_WARN_STRICT_PROTOTYPES = YES;
				CLANG_WARN_SUSPICIOUS_MOVE = YES;
				CLANG_WARN_UNGUARDED_AVAILABILITY = YES_AGGRESSIVE;
				CLANG_WARN_UNREACHABLE_CODE = YES;
				CLANG_WARN__DUPLICATE_METHOD_MATCH = YES;
				COPY_PHASE_STRIP = NO;
				DEBUG_INFORMATION_FORMAT = dwarf;
				ENABLE_STRICT_OBJC_MSGSEND = YES;
				ENABLE_TESTABILITY = YES;
				GCC_C_LANGUAGE_STANDARD = gnu11;
				GCC_DYNAMIC_NO_PIC = NO;
				GCC_NO_COMMON_BLOCKS = YES;
				GCC_OPTIMIZATION_LEVEL = 0;
				GCC_PREPROCESSOR_DEFINITIONS = (
					"DEBUG=1",
					"$(inherited)",
				);
				GCC_WARN_64_TO_32_BIT_CONVERSION = YES;
				GCC_WARN_ABOUT_RETURN_TYPE = YES_ERROR;
				GCC_WARN_UNDECLARED_SELECTOR = YES;
				GCC_WARN_UNINITIALIZED_AUTOS = YES_AGGRESSIVE;
				GCC_WARN_UNUSED_FUNCTION = YES;
				GCC_WARN_UNUSED_VARIABLE = YES;
				IPHONEOS_DEPLOYMENT_TARGET = 13.4;
				MTL_ENABLE_DEBUG_INFO = INCLUDE_SOURCE;
				MTL_FAST_MATH = YES;
				ONLY_ACTIVE_ARCH = YES;
				SDKROOT = iphoneos;
				SWIFT_ACTIVE_COMPILATION_CONDITIONS = DEBUG;
				SWIFT_OPTIMIZATION_LEVEL = "-Onone";
			};
			name = Debug;
		};
		208C2E9424587C2D006AA6CF /* Release */ = {
			isa = XCBuildConfiguration;
			buildSettings = {
				ALWAYS_SEARCH_USER_PATHS = NO;
				CLANG_ANALYZER_NONNULL = YES;
				CLANG_ANALYZER_NUMBER_OBJECT_CONVERSION = YES_AGGRESSIVE;
				CLANG_CXX_LANGUAGE_STANDARD = "gnu++14";
				CLANG_CXX_LIBRARY = "libc++";
				CLANG_ENABLE_MODULES = YES;
				CLANG_ENABLE_OBJC_ARC = YES;
				CLANG_ENABLE_OBJC_WEAK = YES;
				CLANG_WARN_BLOCK_CAPTURE_AUTORELEASING = YES;
				CLANG_WARN_BOOL_CONVERSION = YES;
				CLANG_WARN_COMMA = YES;
				CLANG_WARN_CONSTANT_CONVERSION = YES;
				CLANG_WARN_DEPRECATED_OBJC_IMPLEMENTATIONS = YES;
				CLANG_WARN_DIRECT_OBJC_ISA_USAGE = YES_ERROR;
				CLANG_WARN_DOCUMENTATION_COMMENTS = YES;
				CLANG_WARN_EMPTY_BODY = YES;
				CLANG_WARN_ENUM_CONVERSION = YES;
				CLANG_WARN_INFINITE_RECURSION = YES;
				CLANG_WARN_INT_CONVERSION = YES;
				CLANG_WARN_NON_LITERAL_NULL_CONVERSION = YES;
				CLANG_WARN_OBJC_IMPLICIT_RETAIN_SELF = YES;
				CLANG_WARN_OBJC_LITERAL_CONVERSION = YES;
				CLANG_WARN_OBJC_ROOT_CLASS = YES_ERROR;
				CLANG_WARN_RANGE_LOOP_ANALYSIS = YES;
				CLANG_WARN_STRICT_PROTOTYPES = YES;
				CLANG_WARN_SUSPICIOUS_MOVE = YES;
				CLANG_WARN_UNGUARDED_AVAILABILITY = YES_AGGRESSIVE;
				CLANG_WARN_UNREACHABLE_CODE = YES;
				CLANG_WARN__DUPLICATE_METHOD_MATCH = YES;
				COPY_PHASE_STRIP = NO;
				DEBUG_INFORMATION_FORMAT = "dwarf-with-dsym";
				ENABLE_NS_ASSERTIONS = NO;
				ENABLE_STRICT_OBJC_MSGSEND = YES;
				GCC_C_LANGUAGE_STANDARD = gnu11;
				GCC_NO_COMMON_BLOCKS = YES;
				GCC_WARN_64_TO_32_BIT_CONVERSION = YES;
				GCC_WARN_ABOUT_RETURN_TYPE = YES_ERROR;
				GCC_WARN_UNDECLARED_SELECTOR = YES;
				GCC_WARN_UNINITIALIZED_AUTOS = YES_AGGRESSIVE;
				GCC_WARN_UNUSED_FUNCTION = YES;
				GCC_WARN_UNUSED_VARIABLE = YES;
				IPHONEOS_DEPLOYMENT_TARGET = 13.4;
				MTL_ENABLE_DEBUG_INFO = NO;
				MTL_FAST_MATH = YES;
				SDKROOT = iphoneos;
				SWIFT_COMPILATION_MODE = wholemodule;
				SWIFT_OPTIMIZATION_LEVEL = "-O";
				VALIDATE_PRODUCT = YES;
			};
			name = Release;
		};
		208C2E9624587C2D006AA6CF /* Debug */ = {
			isa = XCBuildConfiguration;
			buildSettings = {
				ASSETCATALOG_COMPILER_APPICON_NAME = AppIcon;
				CODE_SIGN_STYLE = Automatic;
				INFOPLIST_FILE = Movies/Info.plist;
				LD_RUNPATH_SEARCH_PATHS = (
					"$(inherited)",
					"@executable_path/Frameworks",
				);
				PRODUCT_BUNDLE_IDENTIFIER = com.example.Movies;
				PRODUCT_NAME = "$(TARGET_NAME)";
				SWIFT_VERSION = 5.0;
				TARGETED_DEVICE_FAMILY = "1,2";
			};
			name = Debug;
		};
		208C2E9724587C2D006AA6CF /* Release */ = {
			isa = XCBuildConfiguration;
			buildSettings = {
				ASSETCATALOG_COMPILER_APPICON_NAME = AppIcon;
				CODE_SIGN_STYLE = Automatic;
				INFOPLIST_FILE = Movies/Info.plist;
				LD_RUNPATH_SEARCH_PATHS = (
					"$(inherited)",
					"@executable_path/Frameworks",
				);
				PRODUCT_BUNDLE_IDENTIFIER = com.example.Movies;
				PRODUCT_NAME = "$(TARGET_NAME)";
				SWIFT_VERSION = 5.0;
				TARGETED_DEVICE_FAMILY = "1,2";
			};
			name = Release;
		};
		208C2E9924587C2D006AA6CF /* Debug */ = {
			isa = XCBuildConfiguration;
			buildSettings = {
				ALWAYS_EMBED_SWIFT_STANDARD_LIBRARIES = YES;
				BUNDLE_LOADER = "$(TEST_HOST)";
				CODE_SIGN_STYLE = Automatic;
				INFOPLIST_FILE = MoviesTests/Info.plist;
				IPHONEOS_DEPLOYMENT_TARGET = 13.4;
				LD_RUNPATH_SEARCH_PATHS = (
					"$(inherited)",
					"@executable_path/Frameworks",
					"@loader_path/Frameworks",
				);
				PRODUCT_BUNDLE_IDENTIFIER = com.example.MoviesTests;
				PRODUCT_NAME = "$(TARGET_NAME)";
				SWIFT_VERSION = 5.0;
				TARGETED_DEVICE_FAMILY = "1,2";
				TEST_HOST = "$(BUILT_PRODUCTS_DIR)/Movies.app/Movies";
			};
			name = Debug;
		};
		208C2E9A24587C2D006AA6CF /* Release */ = {
			isa = XCBuildConfiguration;
			buildSettings = {
				ALWAYS_EMBED_SWIFT_STANDARD_LIBRARIES = YES;
				BUNDLE_LOADER = "$(TEST_HOST)";
				CODE_SIGN_STYLE = Automatic;
				INFOPLIST_FILE = MoviesTests/Info.plist;
				IPHONEOS_DEPLOYMENT_TARGET = 13.4;
				LD_RUNPATH_SEARCH_PATHS = (
					"$(inherited)",
					"@executable_path/Frameworks",
					"@loader_path/Frameworks",
				);
				PRODUCT_BUNDLE_IDENTIFIER = com.example.MoviesTests;
				PRODUCT_NAME = "$(TARGET_NAME)";
				SWIFT_VERSION = 5.0;
				TARGETED_DEVICE_FAMILY = "1,2";
				TEST_HOST = "$(BUILT_PRODUCTS_DIR)/Movies.app/Movies";
			};
			name = Release;
		};
		208C2E9C24587C2D006AA6CF /* Debug */ = {
			isa = XCBuildConfiguration;
			buildSettings = {
				ALWAYS_EMBED_SWIFT_STANDARD_LIBRARIES = YES;
				CODE_SIGN_STYLE = Automatic;
				INFOPLIST_FILE = MoviesUITests/Info.plist;
				LD_RUNPATH_SEARCH_PATHS = (
					"$(inherited)",
					"@executable_path/Frameworks",
					"@loader_path/Frameworks",
				);
				PRODUCT_BUNDLE_IDENTIFIER = com.example.MoviesUITests;
				PRODUCT_NAME = "$(TARGET_NAME)";
				SWIFT_VERSION = 5.0;
				TARGETED_DEVICE_FAMILY = "1,2";
				TEST_TARGET_NAME = Movies;
			};
			name = Debug;
		};
		208C2E9D24587C2D006AA6CF /* Release */ = {
			isa = XCBuildConfiguration;
			buildSettings = {
				ALWAYS_EMBED_SWIFT_STANDARD_LIBRARIES = YES;
				CODE_SIGN_STYLE = Automatic;
				INFOPLIST_FILE = MoviesUITests/Info.plist;
				LD_RUNPATH_SEARCH_PATHS = (
					"$(inherited)",
					"@executable_path/Frameworks",
					"@loader_path/Frameworks",
				);
				PRODUCT_BUNDLE_IDENTIFIER = com.example.MoviesUITests;
				PRODUCT_NAME = "$(TARGET_NAME)";
				SWIFT_VERSION = 5.0;
				TARGETED_DEVICE_FAMILY = "1,2";
				TEST_TARGET_NAME = Movies;
			};
			name = Release;
		};
/* End XCBuildConfiguration section */

/* Begin XCConfigurationList section */
		208C2E6324587C2B006AA6CF /* Build configuration list for PBXProject "Movies" */ = {
			isa = XCConfigurationList;
			buildConfigurations = (
				208C2E9324587C2D006AA6CF /* Debug */,
				208C2E9424587C2D006AA6CF /* Release */,
			);
			defaultConfigurationIsVisible = 0;
			defaultConfigurationName = Release;
		};
		208C2E9524587C2D006AA6CF /* Build configuration list for PBXNativeTarget "Movies" */ = {
			isa = XCConfigurationList;
			buildConfigurations = (
				208C2E9624587C2D006AA6CF /* Debug */,
				208C2E9724587C2D006AA6CF /* Release */,
			);
			defaultConfigurationIsVisible = 0;
			defaultConfigurationName = Release;
		};
		208C2E9824587C2D006AA6CF /* Build configuration list for PBXNativeTarget "MoviesTests" */ = {
			isa = XCConfigurationList;
			buildConfigurations = (
				208C2E9924587C2D006AA6CF /* Debug */,
				208C2E9A24587C2D006AA6CF /* Release */,
			);
			defaultConfigurationIsVisible = 0;
			defaultConfigurationName = Release;
		};
		208C2E9B24587C2D006AA6CF /* Build configuration list for PBXNativeTarget "MoviesUITests" */ = {
			isa = XCConfigurationList;
			buildConfigurations = (
				208C2E9C24587C2D006AA6CF /* Debug */,
				208C2E9D24587C2D006AA6CF /* Release */,
			);
			defaultConfigurationIsVisible = 0;
			defaultConfigurationName = Release;
		};
/* End XCConfigurationList section */

/* Begin XCVersionGroup section */
		208C2E7424587C2B006AA6CF /* Movies.xcdatamodeld */ = {
			isa = XCVersionGroup;
			children = (
				208C2E7524587C2B006AA6CF /* Movies.xcdatamodel */,
			);
			currentVersion = 208C2E7524587C2B006AA6CF /* Movies.xcdatamodel */;
			path = Movies.xcdatamodeld;
			sourceTree = "<group>";
			versionGroupType = wrapper.xcdatamodel;
		};
/* End XCVersionGroup section */
	};
	rootObject = 208C2E6024587C2B006AA6CF /* Project object */;
}
