// !$*UTF8*$!
{
	archiveVersion = 1;
	classes = {
	};
	objectVersion = 50;
	objects = {

/* Begin PBXBuildFile section */
		208C2E6C24587C2B006AA6CF /* AppDelegate.swift in Sources */ = {isa = PBXBuildFile; fileRef = 208C2E6B24587C2B006AA6CF /* AppDelegate.swift */; };
		208C2E6E24587C2B006AA6CF /* SceneDelegate.swift in Sources */ = {isa = PBXBuildFile; fileRef = 208C2E6D24587C2B006AA6CF /* SceneDelegate.swift */; };
		208C2E7024587C2B006AA6CF /* ViewController.swift in Sources */ = {isa = PBXBuildFile; fileRef = 208C2E6F24587C2B006AA6CF /* ViewController.swift */; };
		208C2E7324587C2B006AA6CF /* Main.storyboard in Resources */ = {isa = PBXBuildFile; fileRef = 208C2E7124587C2B006AA6CF /* Main.storyboard */; };
		208C2E7624587C2B006AA6CF /* Movies.xcdatamodeld in Sources */ = {isa = PBXBuildFile; fileRef = 208C2E7424587C2B006AA6CF /* Movies.xcdatamodeld */; };
		208C2E7824587C2C006AA6CF /* Assets.xcassets in Resources */ = {isa = PBXBuildFile; fileRef = 208C2E7724587C2C006AA6CF /* Assets.xcassets */; };
		208C2E7B24587C2C006AA6CF /* LaunchScreen.storyboard in Resources */ = {isa = PBXBuildFile; fileRef = 208C2E7924587C2C006AA6CF /* LaunchScreen.storyboard */; };
		208C2E8624587C2D006AA6CF /* MoviesTests.swift in Sources */ = {isa = PBXBuildFile; fileRef = 208C2E8524587C2D006AA6CF /* MoviesTests.swift */; };
		208C2E9124587C2D006AA6CF /* MoviesUITests.swift in Sources */ = {isa = PBXBuildFile; fileRef = 208C2E9024587C2D006AA6CF /* MoviesUITests.swift */; };
/* End PBXBuildFile section */

/* Begin PBXContainerItemProxy section */
		208C2E8224587C2D006AA6CF /* PBXContainerItemProxy */ = {
			isa = PBXContainerItemProxy;
			containerPortal = 208C2E6024587C2B006AA6CF /* Project object */;
			proxyType = 1;
			remoteGlobalIDString = 208C2E6724587C2B006AA6CF;
			remoteInfo = Movies;
		};
		208C2E8D24587C2D006AA6CF /* PBXContainerItemProxy */ = {
			isa = PBXContainerItemProxy;
			containerPortal = 208C2E6024587C2B006AA6CF /* Project object */;
			proxyType = 1;
			remoteGlobalIDString = 208C2E6724587C2B006AA6CF;
			remoteInfo = Movies;
		};
/* End PBXContainerItemProxy section */

/* Begin PBXFileReference section */
		208C2E6824587C2B006AA6CF /* Movies.app */ = {isa = PBXFileReference; explicitFileType = wrapper.application; includeInIndex = 0; path = Movies.app; sourceTree = BUILT_PRODUCTS_DIR; };
		208C2E6B24587C2B006AA6CF /* AppDelegate.swift */ = {isa = PBXFileReference; lastKnownFileType = sourcecode.swift; path = AppDelegate.swift; sourceTree = "<group>"; };
		208C2E6D24587C2B006AA6CF /* SceneDelegate.swift */ = {isa = PBXFileReference; lastKnownFileType = sourcecode.swift; path = SceneDelegate.swift; sourceTree = "<group>"; };
		208C2E6F24587C2B006AA6CF /* ViewController.swift */ = {isa = PBXFileReference; lastKnownFileType = sourcecode.swift; path = ViewController.swift; sourceTree = "<group>"; };
		208C2E7224587C2B006AA6CF /* Base */ = {isa = PBXFileReference; lastKnownFileType = file.storyboard; name = Base; path = Base.lproj/Main.storyboard; sourceTree = "<group>"; };
		208C2E7524587C2B006AA6CF /* Movies.xcdatamodel */ = {isa = PBXFileReference; lastKnownFileType = wrapper.xcdatamodel; path = Movies.xcdatamodel; sourceTree = "<group>"; };
		208C2E7724587C2C006AA6CF /* Assets.xcassets */ = {isa = PBXFileReference; lastKnownFileType = folder.assetcatalog; path = Assets.xcassets; sourceTree = "<group>"; };
		208C2E7A24587C2C006AA6CF /* Base */ = {isa = PBXFileReference; lastKnownFileType = file.storyboard; name = Base; path = Base.lproj/LaunchScreen.storyboard; sourceTree = "<group>"; };
		208C2E7C24587C2C006AA6CF /* Info.plist */ = {isa = PBXFileReference; lastKnownFileType = text.plist.xml; path = Info.plist; sourceTree = "<group>"; };
		208C2E8124587C2D006AA6CF /* MoviesTests.xctest */ = {isa = PBXFileReference; explicitFileType = wrapper.cfbundle; includeInIndex = 0; path = MoviesTests.xctest; sourceTree = BUILT_PRODUCTS_DIR; };
		208C2E8524587C2D006AA6CF /* MoviesTests.swift */ = {isa = PBXFileReference; lastKnownFileType = sourcecode.swift; path = MoviesTests.swift; sourceTree = "<group>"; };
		208C2E8724587C2D006AA6CF /* Info.plist */ = {isa = PBXFileReference; lastKnownFileType = text.plist.xml; path = Info.plist; sourceTree = "<group>"; };
		208C2E8C24587C2D006AA6CF /* MoviesUITests.xctest */ = {isa = PBXFileReference; explicitFileType = wrapper.cfbundle; includeInIndex = 0; path = MoviesUITests.xctest; sourceTree = BUILT_PRODUCTS_DIR; };
		208C2E9024587C2D006AA6CF /* MoviesUITests.swift */ = {isa = PBXFileReference; lastKnownFileType = sourcecode.swift; path = MoviesUITests.swift; sourceTree = "<group>"; };
		208C2E9224587C2D006AA6CF /* Info.plist */ = {isa = PBXFileReference; lastKnownFileType = text.plist.xml; path = Info.plist; sourceTree = "<group>"; };
/* End PBXFileReference section */

/* Begin PBXFrameworksBuildPhase section */
		208C2E6524587C2B006AA6CF /* Frameworks */ = {
			isa = PBXFrameworksBuildPhase;
			buildActionMask = 2147483647;
			files = (
			);
			runOnlyForDeploymentPostprocessing = 0;
		};
		208C2E7E24587C2D006AA6CF /* Frameworks */ = {
			isa = PBXFrameworksBuildPhase;
			buildActionMask = 2147483647;
			files = (
			);
			runOnlyForDeploymentPostprocessing = 0;
		};
		208C2E8924587C2D006AA6CF /* Frameworks */ = {
			isa = PBXFrameworksBuildPhase;
			buildActionMask = 2147483647;
			files = (
			);
			runOnlyForDeploymentPostprocessing = 0;
		};
/* End PBXFrameworksBuildPhase section */

/* Begin PBXGroup section */
		208C2E5F24587C2B006AA6CF = {
			isa = PBXGroup;
			children = (
				208C2E6A24587C2B006AA6CF /* Movies */,
				208C2E8424587C2D006AA6CF /* MoviesTests */,
				208C2E8F24587C2D006AA6CF /* MoviesUITests */,
				208C2E6924587C2B006AA6CF /* Products */,
			);
			sourceTree = "<group>";
		};
		208C2E6924587C2B006AA6CF /* Products */ = {
			isa = PBXGroup;
			children = (
				208C2E6824587C2B006AA6CF /* Movies.app */,
				208C2E8124587C2D006AA6CF /* MoviesTests.xctest */,
				208C2E8C24587C2D006AA6CF /* MoviesUITests.xctest */,
			);
			name = Products;
			sourceTree = "<group>";
		};
		208C2E6A24587C2B006AA6CF /* Movies */ = {
			isa = PBXGroup;
			children = (
				208C2E6B24587C2B006AA6CF /* AppDelegate.swift */,
				208C2E6D24587C2B006AA6CF /* SceneDelegate.swift */,
				208C2E6F24587C2B006AA6CF /* ViewController.swift */,
				208C2E7124587C2B006AA6CF /* Main.storyboard */,
				208C2E7724587C2C006AA6CF /* Assets.xcassets */,
				208C2E7924587C2C006AA6CF /* LaunchScreen.storyboard */,
				208C2E7C24587C2C006AA6CF /* Info.plist */,
				208C2E7424587C2B006AA6CF /* Movies.xcdatamodeld */,
			);
			path = Movies;
			sourceTree = "<group>";
		};
		208C2E8424587C2D006AA6CF /* MoviesTests */ = {
			isa = PBXGroup;
			children = (
				208C2E8524587C2D006AA6CF /* MoviesTests.swift */,
				208C2E8724587C2D006AA6CF /* Info.plist */,
			);
			path = MoviesTests;
			sourceTree = "<group>";
		};
		208C2E8F24587C2D006AA6CF /* MoviesUITests */ = {
			isa = PBXGroup;
			children = (
				208C2E9024587C2D006AA6CF /* MoviesUITests.swift */,
				208C2E9224587C2D006AA6CF /* Info.plist */,
			);
			path = MoviesUITests;
			sourceTree = "<group>";
		};
/* End PBXGroup section */

/* Begin PBXNativeTarget section */
		208C2E6724587C2B006AA6CF /* Movies */ = {
			isa = PBXNativeTarget;
			buildConfigurationList = 208C2E9524587C2D006AA6CF /* Build configuration list for PBXNativeTarget "Movies" */;
			buildPhases = (
				208C2E6424587C2B006AA6CF /* Sources */,
				208C2E6524587C2B006AA6CF /* Frameworks */,
				208C2E6624587C2B006AA6CF /* Resources */,
			);
			buildRules = (
			);
			dependencies = (
			);
			name = Movies;
			productName = Movies;
			productReference = 208C2E6824587C2B006AA6CF /* Movies.app */;
			productType = "com.apple.product-type.application";
		};
		208C2E8024587C2D006AA6CF /* MoviesTests */ = {
			isa = PBXNativeTarget;
			buildConfigurationList = 208C2E9824587C2D006AA6CF /* Build configuration list for PBXNativeTarget "MoviesTests" */;
			buildPhases = (
				208C2E7D24587C2D006AA6CF /* Sources */,
				208C2E7E24587C2D006AA6CF /* Frameworks */,
				208C2E7F24587C2D006AA6CF /* Resources */,
			);
			buildRules = (
			);
			dependencies = (
				208C2E8324587C2D006AA6CF /* PBXTargetDependency */,
			);
			name = MoviesTests;
			productName = MoviesTests;
			productReference = 208C2E8124587C2D006AA6CF /* MoviesTests.xctest */;
			productType = "com.apple.product-type.bundle.unit-test";
		};
		208C2E8B24587C2D006AA6CF /* MoviesUITests */ = {
			isa = PBXNativeTarget;
			buildConfigurationList = 208C2E9B24587C2D006AA6CF /* Build configuration list for PBXNativeTarget "MoviesUITests" */;
			buildPhases = (
				208C2E8824587C2D006AA6CF /* Sources */,
				208C2E8924587C2D006AA6CF /* Frameworks */,
				208C2E8A24587C2D006AA6CF /* Resources */,
			);
			buildRules = (
			);
			dependencies = (
				208C2E8E24587C2D006AA6CF /* PBXTargetDependency */,
			);
			name = MoviesUITests;
			productName = MoviesUITests;
			productReference = 208C2E8C24587C2D006AA6CF /* MoviesUITests.xctest */;
			productType = "com.apple.product-type.bundle.ui-testing";
		};
/* End PBXNativeTarget section */

/* Begin PBXProject section */
		208C2E6024587C2B006AA6CF /* Project object */ = {
			isa = PBXProject;
			attributes = {
				LastSwiftUpdateCheck = 1140;
				LastUpgradeCheck = 1140;
				ORGANIZATIONNAME = Example;
				TargetAttributes = {
					208C2E6724587C2B006AA6CF = {
						CreatedOnToolsVersion = 11.4;
					};
					208C2E8024587C2D006AA6CF = {
						CreatedOnToolsVersion = 11.4;
						TestTargetID = 208C2E6724587C2B006AA6CF;
					};
					208C2E8B24587C2D006AA6CF = {
						CreatedOnToolsVersion = 11.4;
						TestTargetID = 208C2E6724587C2B006AA6CF;
					};
				};
			};
			buildConfigurationList = 208C2E6324587C2B006AA6CF /* Build configuration list for PBXProject "Movies" */;
			compatibilityVersion = "Xcode 9.3";
			developmentRegion = en;
			hasScannedForEncodings = 0;
			knownRegions = (
				en,
				Base,
			);
			mainGroup = 208C2E5F24587C2B006AA6CF;
			productRefGroup = 208C2E6924587C2B006AA6CF /* Products */;
			projectDirPath = "";
			projectRoot = "";
			targets = (
				208C2E6724587C2B006AA6CF /* Movies */,
				208C2E8024587C2D006AA6CF /* MoviesTests */,
				208C2E8B24587C2D006AA6CF /* MoviesUITests */,
			);
		};
/* End PBXProject section */

/* Begin PBXResourcesBuildPhase section */
		208C2E6624587C2B006AA6CF /* Resources */ = {
			isa = PBXResourcesBuildPhase;
			buildActionMask = 2147483647;
			files = (
				208C2E7B24587C2C006AA6CF /* LaunchScreen.storyboard in Resources */,
				208C2E7824587C2C006AA6CF /* Assets.xcassets in Resources */,
				208C2E7324587C2B006AA6CF /* Main.storyboard in Resources */,
			);
			runOnlyForDeploymentPostprocessing = 0;
		};
		208C2E7F24587C2D006AA6CF /* Resources */ = {
			isa = PBXResourcesBuildPhase;
			buildActionMask = 2147483647;
			files = (
			);
			runOnlyForDeploymentPostprocessing = 0;
		};
		208C2E8A24587C2D006AA6CF /* Resources */ = {
			isa = PBXResourcesBuildPhase;
			buildActionMask = 2147483647;
			files = (
			);
			runOnlyForDeploymentPostprocessing = 0;
		};
/* End PBXResourcesBuildPhase section */

/* Begin PBXSourcesBuildPhase section */
		208C2E6424587C2B006AA6CF /* Sources */ = {
			isa = PBXSourcesBuildPhase;
			buildActionMask = 2147483647;
			files = (
				208C2E7024587C2B006AA6CF /* ViewController.swift in Sources */,
				208C2E6C24587C2B006AA6CF /* AppDelegate.swift in Sources */,
				208C2E7624587C2B006AA6CF /* Movies.xcdatamodeld in Sources */,
				208C2E6E24587C2B006AA6CF /* SceneDelegate.swift in Sources */,
			);
			runOnlyForDeploymentPostprocessing = 0;
		};
		208C2E7D24587C2D006AA6CF /* Sources */ = {
			isa = PBXSourcesBuildPhase;
			buildActionMask = 2147483647;
			files = (
				208C2E8624587C2D006AA6CF /* MoviesTests.swift in Sources */,
			);
			runOnlyForDeploymentPostprocessing = 0;
		};
		208C2E8824587C2D006AA6CF /* Sources */ = {
			isa = PBXSourcesBuildPhase;
			buildActionMask = 2147483647;
			files = (
				208C2E9124587C2D006AA6CF /* MoviesUITests.swift in Sources */,
			);
			runOnlyForDeploymentPostprocessing = 0;
		};
/* End PBXSourcesBuildPhase section */

/* Begin PBXTargetDependency section */
		208C2E8324587C2D006AA6CF /* PBXTargetDependency */ = {
			isa = PBXTargetDependency;
			target = 208C2E6724587C2B006AA6CF /* Movies */;
			targetProxy = 208C2E8224587C2D006AA6CF /* PBXContainerItemProxy */;
		};
		208C2E8E24587C2D006AA6CF /* PBXTargetDependency */ = {
			isa = PBXTargetDependency;
			target = 208C2E6724587C2B006AA6CF /* Movies */;
			targetProxy = 208C2E8D24587C2D006AA6CF /* PBXContainerItemProxy */;
		};
/* End PBXTargetDependency section */

/* Begin PBXVariantGroup section */
		208C2E7124587C2B006AA6CF /* Main.storyboard */ = {
			isa = PBXVariantGroup;
			children = (
				208C2E7224587C2B006AA6CF /* Base */,
			);
			name = Main.storyboard;
			sourceTree = "<group>";
		};
		208C2E7924587C2C006AA6CF /* LaunchScreen.storyboard */ = {
			isa = PBXVariantGroup;
			children = (
				208C2E7A24587C2C006AA6CF /* Base */,
			);
			name = LaunchScreen.storyboard;
			sourceTree = "<group>";
		};
/* End PBXVariantGroup section */

/* Begin XCBuildConfiguration section */
		208C2E9324587C2D006AA6CF /* Debug */ = {
			isa = XCBuildConfiguration;
			buildSettings = {
				ALWAYS_SEARCH_USER_PATHS = NO;
				CLANG_ANALYZER_NONNULL = YES;
				CLANG_ANALYZER_NUMBER_OBJECT_CONVERSION = YES_AGGRESSIVE;
				CLANG_CXX_LANGUAGE_STANDARD = "gnu++14";
				CLANG_CXX_LIBRARY = "libc++";
				CLANG_ENABLE_MODULES = YES;
				CLANG_ENABLE_OBJC_ARC = YES;
				CLANG_ENABLE_OBJC_WEAK = YES;
				CLANG_WARN_BLOCK_CAPTURE_AUTORELEASING = YES;
				CLANG_WARN_BOOL_CONVERSION = YES;
				CLANG_WARN_COMMA = YES;
				CLANG_WARN_CONSTANT_CONVERSION = YES;
				CLANG_WARN_DEPRECATED_OBJC_IMPLEMENTATIONS = YES;
				CLANG_WARN_DIRECT_OBJC_ISA_USAGE = YES_ERROR;
				CLANG_WARN_DOCUMENTATION_COMMENTS = YES;
				CLANG_WARN_EMPTY_BODY = YES;
				CLANG_WARN_ENUM_CONVERSION = YES;
				CLANG_WARN_INFINITE_RECURSION = YES;
				CLANG_WARN_INT_CONVERSION = YES;
				CLANG_WARN_NON_LITERAL_NULL_CONVERSION = YES;
				CLANG_WARN_OBJC_IMPLICIT_RETAIN_SELF = YES;
				CLANG_WARN_OBJC_LITERAL_CONVERSION = YES;
				CLANG_WARN_OBJC_ROOT_CLASS = YES_ERROR;
				CLANG_WARN_RANGE_LOOP_ANALYSIS = YES;
				CLANG_WARN_STRICT_PROTOTYPES = YES;
				CLANG_WARN_SUSPICIOUS_MOVE = YES;
				CLANG_WARN_UNGUARDED_AVAILABILITY = YES_AGGRESSIVE;
				CLANG_WARN_UNREACHABLE_CODE = YES;
				CLANG_WARN__DUPLICATE_METHOD_MATCH = YES;
				COPY_PHASE_STRIP = NO;
				DEBUG_INFORMATION_FORMAT = dwarf;
				ENABLE_STRICT_OBJC_MSGSEND = YES;
				ENABLE_TESTABILITY = YES;
				GCC_C_LANGUAGE_STANDARD = gnu11;
				GCC_DYNAMIC_NO_PIC = NO;
				GCC_NO_COMMON_BLOCKS = YES;
				GCC_OPTIMIZATION_LEVEL = 0;
				GCC_PREPROCESSOR_DEFINITIONS = (
					"DEBUG=1",
					"$(inherited)",
				);
				GCC_WARN_64_TO_32_BIT_CONVERSION = YES;
				GCC_WARN_ABOUT_RETURN_TYPE = YES_ERROR;
				GCC_WARN_UNDECLARED_SELECTOR = YES;
				GCC_WARN_UNINITIALIZED_AUTOS = YES_AGGRESSIVE;
				GCC_WARN_UNUSED_FUNCTION = YES;
				GCC_WARN_UNUSED_VARIABLE = YES;
				IPHONEOS_DEPLOYMENT_TARGET = 13.4;
				MTL_ENABLE_DEBUG_INFO = INCLUDE_SOURCE;
				MTL_FAST_MATH = YES;
				ONLY_ACTIVE_ARCH = YES;
				SDKROOT = iphoneos;
				SWIFT_ACTIVE_COMPILATION_CONDITIONS = DEBUG;
				SWIFT_OPTIMIZATION_LEVEL = "-Onone";
			};
			name = Debug;
		};
		208C2E9424587C2D006AA6CF /* Release */ = {
			isa = XCBuildConfiguration;
			buildSettings = {
				ALWAYS_SEARCH_USER_PATHS = NO;
				CLANG_ANALYZER_NONNULL = YES;
				CLANG_ANALYZER_NUMBER_OBJECT_CONVERSION = YES_AGGRESSIVE;
				CLANG_CXX_LANGUAGE_STANDARD = "gnu++14";
				CLANG_CXX_LIBRARY = "libc++";
				CLANG_ENABLE_MODULES = YES;
				CLANG_ENABLE_OBJC_ARC = YES;
				CLANG_ENABLE_OBJC_WEAK = YES;
				CLANG_WARN_BLOCK_CAPTURE_AUTORELEASING = YES;
				CLANG_WARN_BOOL_CONVERSION = YES;
				CLANG_WARN_COMMA = YES;
				CLANG_WARN_CONSTANT_CONVERSION = YES;
				CLANG_WARN_DEPRECATED_OBJC_IMPLEMENTATIONS = YES;
				CLANG_WARN_DIRECT_OBJC_ISA_USAGE = YES_ERROR;
				CLANG_WARN_DOCUMENTATION_COMMENTS = YES;
				CLANG_WARN_EMPTY_BODY = YES;
				CLANG_WARN_ENUM_CONVERSION = YES;
				CLANG_WARN_INFINITE_RECURSION = YES;
				CLANG_WARN_INT_CONVERSION = YES;
				CLANG_WARN_NON_LITERAL_NULL_CONVERSION = YES;
				CLANG_WARN_OBJC_IMPLICIT_RETAIN_SELF = YES;
				CLANG_WARN_OBJC_LITERAL_CONVERSION = YES;
				CLANG_WARN_OBJC_ROOT_CLASS = YES_ERROR;
				CLANG_WARN_RANGE_LOOP_ANALYSIS = YES;
				CLANG_WARN_STRICT_PROTOTYPES = YES;
				CLANG_WARN_SUSPICIOUS_MOVE = YES;
				CLANG_WARN_UNGUARDED_AVAILABILITY = YES_AGGRESSIVE;
				CLANG_WARN_UNREACHABLE_CODE = YES;
				CLANG_WARN__DUPLICATE_METHOD_MATCH = YES;
				COPY_PHASE_STRIP = NO;
				DEBUG_INFORMATION_FORMAT = "dwarf-with-dsym";
				ENABLE_NS_ASSERTIONS = NO;
				ENABLE_STRICT_OBJC_MSGSEND = YES;
				GCC_C_LANGUAGE_STANDARD = gnu11;
				GCC_NO_COMMON_BLOCKS = YES;
				GCC_WARN_64_TO_32_BIT_CONVERSION = YES;
				GCC_WARN_ABOUT_RETURN_TYPE = YES_ERROR;
				GCC_WARN_UNDECLARED_SELECTOR = YES;
				GCC_WARN_UNINITIALIZED_AUTOS = YES_AGGRESSIVE;
				GCC_WARN_UNUSED_FUNCTION = YES;
				GCC_WARN_UNUSED_VARIABLE = YES;
				IPHONEOS_DEPLOYMENT_TARGET = 13.4;
				MTL_ENABLE_DEBUG_INFO = NO;
				MTL_FAST_MATH = YES;
				SDKROOT = iphoneos;
				SWIFT_COMPILATION_MODE = wholemodule;
				SWIFT_OPTIMIZATION_LEVEL = "-O";
				VALIDATE_PRODUCT = YES;
			};
			name = Release;
		};
		208C2E9624587C2D006AA6CF /* Debug */ = {
			isa = XCBuildConfiguration;
			buildSettings = {
				ASSETCATALOG_COMPILER_APPICON_NAME = AppIcon;
				CODE_SIGN_STYLE = Automatic;
				INFOPLIST_FILE = Movies/Info.plist;
				LD_RUNPATH_SEARCH_PATHS = (
					"$(inherited)",
					"@executable_path/Frameworks",
				);
				PRODUCT_BUNDLE_IDENTIFIER = com.example.Movies;
				PRODUCT_NAME = "$(TARGET_NAME)";
				SWIFT_VERSION = 5.0;
				TARGETED_DEVICE_FAMILY = "1,2";
			};
			name = Debug;
		};
		208C2E9724587C2D006AA6CF /* Release */ = {
			isa = XCBuildConfiguration;
			buildSettings = {
				ASSETCATALOG_COMPILER_APPICON_NAME = AppIcon;
				CODE_SIGN_STYLE = Automatic;
				INFOPLIST_FILE = Movies/Info.plist;
				LD_RUNPATH_SEARCH_PATHS = (
					"$(inherited)",
					"@executable_path/Frameworks",
				);
				PRODUCT_BUNDLE_IDENTIFIER = com.example.Movies;
				PRODUCT_NAME = "$(TARGET_NAME)";
				SWIFT_VERSION = 5.0;
				TARGETED_DEVICE_FAMILY = "1,2";
			};
			name = Release;
		};
		208C2E9924587C2D006AA6CF /* Debug */ = {
			isa = XCBuildConfiguration;
			buildSettings = {
				ALWAYS_EMBED_SWIFT_STANDARD_LIBRARIES = YES;
				BUNDLE_LOADER = "$(TEST_HOST)";
				CODE_SIGN_STYLE = Automatic;
				INFOPLIST_FILE = MoviesTests/Info.plist;
				IPHONEOS_DEPLOYMENT_TARGET = 13.4;
				LD_RUNPATH_SEARCH_PATHS = (
					"$(inherited)",
					"@executable_path/Frameworks",
					"@loader_path/Frameworks",
				);
				PRODUCT_BUNDLE_IDENTIFIER = com.example.MoviesTests;
				PRODUCT_NAME = "$(TARGET_NAME)";
				SWIFT_VERSION = 5.0;
				TARGETED_DEVICE_FAMILY = "1,2";
				TEST_HOST = "$(BUILT_PRODUCTS_DIR)/Movies.app/Movies";
			};
			name = Debug;
		};
		208C2E9A24587C2D006AA6CF /* Release */ = {
			isa = XCBuildConfiguration;
			buildSettings = {
				ALWAYS_EMBED_SWIFT_STANDARD_LIBRARIES = YES;
				BUNDLE_LOADER = "$(TEST_HOST)";
				CODE_SIGN_STYLE = Automatic;
				INFOPLIST_FILE = MoviesTests/Info.plist;
				IPHONEOS_DEPLOYMENT_TARGET = 13.4;
				LD_RUNPATH_SEARCH_PATHS = (
					"$(inherited)",
					"@executable_path/Frameworks",
					"@loader_path/Frameworks",
				);
				PRODUCT_BUNDLE_IDENTIFIER = com.example.MoviesTests;
				PRODUCT_NAME = "$(TARGET_NAME)";
				SWIFT_VERSION = 5.0;
				TARGETED_DEVICE_FAMILY = "1,2";
				TEST_HOST = "$(BUILT_PRODUCTS_DIR)/Movies.app/Movies";
			};
			name = Release;
		};
		208C2E9C24587C2D006AA6CF /* Debug */ = {
			isa = XCBuildConfiguration;
			buildSettings = {
				ALWAYS_EMBED_SWIFT_STANDARD_LIBRARIES = YES;
				CODE_SIGN_STYLE = Automatic;
				INFOPLIST_FILE = MoviesUITests/Info.plist;
				LD_RUNPATH_SEARCH_PATHS = (
					"$(inherited)",
					"@executable_path/Frameworks",
					"@loader_path/Frameworks",
				);
				PRODUCT_BUNDLE_IDENTIFIER = com.example.MoviesUITests;
				PRODUCT_NAME = "$(TARGET_NAME)";
				SWIFT_VERSION = 5.0;
				TARGETED_DEVICE_FAMILY = "1,2";
				TEST_TARGET_NAME = Movies;
			};
			name = Debug;
		};
		208C2E9D24587C2D006AA6CF /* Release */ = {
			isa = XCBuildConfiguration;
			buildSettings = {
				ALWAYS_EMBED_SWIFT_STANDARD_LIBRARIES = YES;
				CODE_SIGN_STYLE = Automatic;
				INFOPLIST_FILE = MoviesUITests/Info.plist;
				LD_RUNPATH_SEARCH_PATHS = (
					"$(inherited)",
					"@executable_path/Frameworks",
					"@loader_path/Frameworks",
				);
				PRODUCT_BUNDLE_IDENTIFIER = com.example.MoviesUITests;
				PRODUCT_NAME = "$(TARGET_NAME)";
				SWIFT_VERSION = 5.0;
				TARGETED_DEVICE_FAMILY = "1,2";
				TEST_TARGET_NAME = Movies;
			};
			name = Release;
		};
/* End XCBuildConfiguration section */

/* Begin XCConfigurationList section */
		208C2E6324587C2B006AA6CF /* Build configuration list for PBXProject "Movies" */ = {
			isa = XCConfigurationList;
			buildConfigurations = (
				208C2E9324587C2D006AA6CF /* Debug */,
				208C2E9424587C2D006AA6CF /* Release */,
			);
			defaultConfigurationIsVisible = 0;
			defaultConfigurationName = Release;
		};
		208C2E9524587C2D006AA6CF /* Build configuration list for PBXNativeTarget "Movies" */ = {
			isa = XCConfigurationList;
			buildConfigurations = (
				208C2E9624587C2D006AA6CF /* Debug */,
				208C2E9724587C2D006AA6CF /* Release */,
			);
			defaultConfigurationIsVisible = 0;
			defaultConfigurationName = Release;
		};
		208C2E9824587C2D006AA6CF /* Build configuration list for PBXNativeTarget "MoviesTests" */ = {
			isa = XCConfigurationList;
			buildConfigurations = (
				208C2E9924587C2D006AA6CF /* Debug */,
				208C2E9A24587C2D006AA6CF /* Release */,
			);
			defaultConfigurationIsVisible = 0;
			defaultConfigurationName = Release;
		};
		208C2E9B24587C2D006AA6CF /* Build configuration list for PBXNativeTarget "MoviesUITests" */ = {
			isa = XCConfigurationList;
			buildConfigurations = (
				208C2E9C24587C2D006AA6CF /* Debug */,
				208C2E9D24587C2D006AA6CF /* Release */,
			);
			defaultConfigurationIsVisible = 0;
			defaultConfigurationName = Release;
		};
/* End XCConfigurationList section */

/* Begin XCVersionGroup section */
		208C2E7424587C2B006AA6CF /* Movies.xcdatamodeld */ = {
			isa = XCVersionGroup;
			children = (
				208C2E7524587C2B006AA6CF /* Movies.xcdatamodel */,
			);
			currentVersion = 208C2E7524587C2B006AA6CF /* Movies.xcdatamodel */;
			path = Movies.xcdatamodeld;
			sourceTree = "<group>";
			versionGroupType = wrapper.xcdatamodel;
		};
/* End XCVersionGroup section */
	};
	rootObject = 208C2E6024587C2B006AA6CF /* Project object */;
}
