// !$*UTF8*$!
{
	archiveVersion = 1;
	classes = {
	};
	objectVersion = 50;
	objects = {

/* Begin PBXBuildFile section */
		2021C388245CA73B00D36905 /* SelectionDelegate.swift in Sources */ = {isa = PBXBuildFile; fileRef = 2021C387245CA73B00D36905 /* SelectionDelegate.swift */; };
		2037AB1F2459F30300B0EEB9 /* NetworkClient.framework in Frameworks */ = {isa = PBXBuildFile; fileRef = 208C2EC8245883BC006AA6CF /* NetworkClient.framework */; };
		2037AB202459F30300B0EEB9 /* NetworkClient.framework in Embed Frameworks */ = {isa = PBXBuildFile; fileRef = 208C2EC8245883BC006AA6CF /* NetworkClient.framework */; settings = {ATTRIBUTES = (CodeSignOnCopy, RemoveHeadersOnCopy, ); }; };
		203943C8245AF5F7002C4B1A /* ListViewModelProvider.swift in Sources */ = {isa = PBXBuildFile; fileRef = 203943C7245AF5F7002C4B1A /* ListViewModelProvider.swift */; };
		203943CA245AF60B002C4B1A /* ListViewModel.swift in Sources */ = {isa = PBXBuildFile; fileRef = 203943C9245AF60B002C4B1A /* ListViewModel.swift */; };
		203943CD245B3E77002C4B1A /* HandleError.swift in Sources */ = {isa = PBXBuildFile; fileRef = 203943CC245B3E77002C4B1A /* HandleError.swift */; };
		2085D75B245AF41F00EBA3D5 /* NavigationProvider.swift in Sources */ = {isa = PBXBuildFile; fileRef = 2085D75A245AF41F00EBA3D5 /* NavigationProvider.swift */; };
		2085D75D245AF42800EBA3D5 /* AppNavigation.swift in Sources */ = {isa = PBXBuildFile; fileRef = 2085D75C245AF42800EBA3D5 /* AppNavigation.swift */; };
		2085D760245AF46600EBA3D5 /* DependencyProvider.swift in Sources */ = {isa = PBXBuildFile; fileRef = 2085D75F245AF46600EBA3D5 /* DependencyProvider.swift */; };
		2085D762245AF47200EBA3D5 /* DependencyManager.swift in Sources */ = {isa = PBXBuildFile; fileRef = 2085D761245AF47200EBA3D5 /* DependencyManager.swift */; };
		208C2E6C24587C2B006AA6CF /* AppDelegate.swift in Sources */ = {isa = PBXBuildFile; fileRef = 208C2E6B24587C2B006AA6CF /* AppDelegate.swift */; };
		208C2E6E24587C2B006AA6CF /* SceneDelegate.swift in Sources */ = {isa = PBXBuildFile; fileRef = 208C2E6D24587C2B006AA6CF /* SceneDelegate.swift */; };
		208C2E7024587C2B006AA6CF /* MoviesViewController.swift in Sources */ = {isa = PBXBuildFile; fileRef = 208C2E6F24587C2B006AA6CF /* MoviesViewController.swift */; };
		208C2E7324587C2B006AA6CF /* Main.storyboard in Resources */ = {isa = PBXBuildFile; fileRef = 208C2E7124587C2B006AA6CF /* Main.storyboard */; };
		208C2E7624587C2B006AA6CF /* Movies.xcdatamodeld in Sources */ = {isa = PBXBuildFile; fileRef = 208C2E7424587C2B006AA6CF /* Movies.xcdatamodeld */; };
		208C2E7824587C2C006AA6CF /* Assets.xcassets in Resources */ = {isa = PBXBuildFile; fileRef = 208C2E7724587C2C006AA6CF /* Assets.xcassets */; };
		208C2E7B24587C2C006AA6CF /* LaunchScreen.storyboard in Resources */ = {isa = PBXBuildFile; fileRef = 208C2E7924587C2C006AA6CF /* LaunchScreen.storyboard */; };
		208C2E8624587C2D006AA6CF /* MoviesTests.swift in Sources */ = {isa = PBXBuildFile; fileRef = 208C2E8524587C2D006AA6CF /* MoviesTests.swift */; };
		208C2E9124587C2D006AA6CF /* MoviesUITests.swift in Sources */ = {isa = PBXBuildFile; fileRef = 208C2E9024587C2D006AA6CF /* MoviesUITests.swift */; };
		20ACB44B245C432E00E5A7DA /* MovieSection.swift in Sources */ = {isa = PBXBuildFile; fileRef = 20ACB44A245C432E00E5A7DA /* MovieSection.swift */; };
		20ACB44F245C436600E5A7DA /* ListViewModelInput.swift in Sources */ = {isa = PBXBuildFile; fileRef = 20ACB44E245C436600E5A7DA /* ListViewModelInput.swift */; };
		20ACB451245C437900E5A7DA /* ListViewModelOutput.swift in Sources */ = {isa = PBXBuildFile; fileRef = 20ACB450245C437900E5A7DA /* ListViewModelOutput.swift */; };
		20ACB453245C46B400E5A7DA /* TableViewDelegate.swift in Sources */ = {isa = PBXBuildFile; fileRef = 20ACB452245C46B400E5A7DA /* TableViewDelegate.swift */; };
		20ACB455245C46E400E5A7DA /* TableViewDataSource.swift in Sources */ = {isa = PBXBuildFile; fileRef = 20ACB454245C46E400E5A7DA /* TableViewDataSource.swift */; };
		20ACB457245C478100E5A7DA /* ListViewModelLoadingOutput.swift in Sources */ = {isa = PBXBuildFile; fileRef = 20ACB456245C478100E5A7DA /* ListViewModelLoadingOutput.swift */; };
		20ACB459245C478C00E5A7DA /* ListViewModelErrorOutput.swift in Sources */ = {isa = PBXBuildFile; fileRef = 20ACB458245C478C00E5A7DA /* ListViewModelErrorOutput.swift */; };
		20F374A9245D4A0200F83E95 /* Movie.swift in Sources */ = {isa = PBXBuildFile; fileRef = 20F374A8245D4A0200F83E95 /* Movie.swift */; };
		20F374AC245D4AEB00F83E95 /* MovieItem+Movie.swift in Sources */ = {isa = PBXBuildFile; fileRef = 20F374AB245D4AEB00F83E95 /* MovieItem+Movie.swift */; };
		20F374AF245D510800F83E95 /* MovieTableViewCell.swift in Sources */ = {isa = PBXBuildFile; fileRef = 20F374AE245D510800F83E95 /* MovieTableViewCell.swift */; };
/* End PBXBuildFile section */

/* Begin PBXContainerItemProxy section */
		208C2E8224587C2D006AA6CF /* PBXContainerItemProxy */ = {
			isa = PBXContainerItemProxy;
			containerPortal = 208C2E6024587C2B006AA6CF /* Project object */;
			proxyType = 1;
			remoteGlobalIDString = 208C2E6724587C2B006AA6CF;
			remoteInfo = Movies;
		};
		208C2E8D24587C2D006AA6CF /* PBXContainerItemProxy */ = {
			isa = PBXContainerItemProxy;
			containerPortal = 208C2E6024587C2B006AA6CF /* Project object */;
			proxyType = 1;
			remoteGlobalIDString = 208C2E6724587C2B006AA6CF;
			remoteInfo = Movies;
		};
		208C2EC7245883BC006AA6CF /* PBXContainerItemProxy */ = {
			isa = PBXContainerItemProxy;
			containerPortal = 208C2EC2245883BB006AA6CF /* NetworkClient.xcodeproj */;
			proxyType = 2;
			remoteGlobalIDString = 208C2EA8245883BA006AA6CF;
			remoteInfo = NetworkClient;
		};
		208C2EC9245883BC006AA6CF /* PBXContainerItemProxy */ = {
			isa = PBXContainerItemProxy;
			containerPortal = 208C2EC2245883BB006AA6CF /* NetworkClient.xcodeproj */;
			proxyType = 2;
			remoteGlobalIDString = 208C2EB1245883BB006AA6CF;
			remoteInfo = NetworkClientTests;
		};
/* End PBXContainerItemProxy section */

/* Begin PBXCopyFilesBuildPhase section */
		2037AB212459F30300B0EEB9 /* Embed Frameworks */ = {
			isa = PBXCopyFilesBuildPhase;
			buildActionMask = 2147483647;
			dstPath = "";
			dstSubfolderSpec = 10;
			files = (
				2037AB202459F30300B0EEB9 /* NetworkClient.framework in Embed Frameworks */,
			);
			name = "Embed Frameworks";
			runOnlyForDeploymentPostprocessing = 0;
		};
/* End PBXCopyFilesBuildPhase section */

/* Begin PBXFileReference section */
		2021C387245CA73B00D36905 /* SelectionDelegate.swift */ = {isa = PBXFileReference; lastKnownFileType = sourcecode.swift; path = SelectionDelegate.swift; sourceTree = "<group>"; };
		203943C7245AF5F7002C4B1A /* ListViewModelProvider.swift */ = {isa = PBXFileReference; lastKnownFileType = sourcecode.swift; path = ListViewModelProvider.swift; sourceTree = "<group>"; };
		203943C9245AF60B002C4B1A /* ListViewModel.swift */ = {isa = PBXFileReference; lastKnownFileType = sourcecode.swift; path = ListViewModel.swift; sourceTree = "<group>"; };
		203943CC245B3E77002C4B1A /* HandleError.swift */ = {isa = PBXFileReference; lastKnownFileType = sourcecode.swift; path = HandleError.swift; sourceTree = "<group>"; };
		2085D75A245AF41F00EBA3D5 /* NavigationProvider.swift */ = {isa = PBXFileReference; lastKnownFileType = sourcecode.swift; path = NavigationProvider.swift; sourceTree = "<group>"; };
		2085D75C245AF42800EBA3D5 /* AppNavigation.swift */ = {isa = PBXFileReference; lastKnownFileType = sourcecode.swift; path = AppNavigation.swift; sourceTree = "<group>"; };
		2085D75F245AF46600EBA3D5 /* DependencyProvider.swift */ = {isa = PBXFileReference; lastKnownFileType = sourcecode.swift; path = DependencyProvider.swift; sourceTree = "<group>"; };
		2085D761245AF47200EBA3D5 /* DependencyManager.swift */ = {isa = PBXFileReference; lastKnownFileType = sourcecode.swift; path = DependencyManager.swift; sourceTree = "<group>"; };
		208C2E6824587C2B006AA6CF /* Movies.app */ = {isa = PBXFileReference; explicitFileType = wrapper.application; includeInIndex = 0; path = Movies.app; sourceTree = BUILT_PRODUCTS_DIR; };
		208C2E6B24587C2B006AA6CF /* AppDelegate.swift */ = {isa = PBXFileReference; lastKnownFileType = sourcecode.swift; path = AppDelegate.swift; sourceTree = "<group>"; };
		208C2E6D24587C2B006AA6CF /* SceneDelegate.swift */ = {isa = PBXFileReference; lastKnownFileType = sourcecode.swift; path = SceneDelegate.swift; sourceTree = "<group>"; };
		208C2E6F24587C2B006AA6CF /* MoviesViewController.swift */ = {isa = PBXFileReference; lastKnownFileType = sourcecode.swift; path = MoviesViewController.swift; sourceTree = "<group>"; };
		208C2E7224587C2B006AA6CF /* Base */ = {isa = PBXFileReference; lastKnownFileType = file.storyboard; name = Base; path = Base.lproj/Main.storyboard; sourceTree = "<group>"; };
		208C2E7524587C2B006AA6CF /* Movies.xcdatamodel */ = {isa = PBXFileReference; lastKnownFileType = wrapper.xcdatamodel; path = Movies.xcdatamodel; sourceTree = "<group>"; };
		208C2E7724587C2C006AA6CF /* Assets.xcassets */ = {isa = PBXFileReference; lastKnownFileType = folder.assetcatalog; path = Assets.xcassets; sourceTree = "<group>"; };
		208C2E7A24587C2C006AA6CF /* Base */ = {isa = PBXFileReference; lastKnownFileType = file.storyboard; name = Base; path = Base.lproj/LaunchScreen.storyboard; sourceTree = "<group>"; };
		208C2E7C24587C2C006AA6CF /* Info.plist */ = {isa = PBXFileReference; lastKnownFileType = text.plist.xml; path = Info.plist; sourceTree = "<group>"; };
		208C2E8124587C2D006AA6CF /* MoviesTests.xctest */ = {isa = PBXFileReference; explicitFileType = wrapper.cfbundle; includeInIndex = 0; path = MoviesTests.xctest; sourceTree = BUILT_PRODUCTS_DIR; };
		208C2E8524587C2D006AA6CF /* MoviesTests.swift */ = {isa = PBXFileReference; lastKnownFileType = sourcecode.swift; path = MoviesTests.swift; sourceTree = "<group>"; };
		208C2E8724587C2D006AA6CF /* Info.plist */ = {isa = PBXFileReference; lastKnownFileType = text.plist.xml; path = Info.plist; sourceTree = "<group>"; };
		208C2E8C24587C2D006AA6CF /* MoviesUITests.xctest */ = {isa = PBXFileReference; explicitFileType = wrapper.cfbundle; includeInIndex = 0; path = MoviesUITests.xctest; sourceTree = BUILT_PRODUCTS_DIR; };
		208C2E9024587C2D006AA6CF /* MoviesUITests.swift */ = {isa = PBXFileReference; lastKnownFileType = sourcecode.swift; path = MoviesUITests.swift; sourceTree = "<group>"; };
		208C2E9224587C2D006AA6CF /* Info.plist */ = {isa = PBXFileReference; lastKnownFileType = text.plist.xml; path = Info.plist; sourceTree = "<group>"; };
		208C2EC2245883BB006AA6CF /* NetworkClient.xcodeproj */ = {isa = PBXFileReference; lastKnownFileType = "wrapper.pb-project"; name = NetworkClient.xcodeproj; path = NetworkClient/NetworkClient.xcodeproj; sourceTree = "<group>"; };
		20ACB44A245C432E00E5A7DA /* MovieSection.swift */ = {isa = PBXFileReference; lastKnownFileType = sourcecode.swift; path = MovieSection.swift; sourceTree = "<group>"; };
		20ACB44E245C436600E5A7DA /* ListViewModelInput.swift */ = {isa = PBXFileReference; lastKnownFileType = sourcecode.swift; path = ListViewModelInput.swift; sourceTree = "<group>"; };
		20ACB450245C437900E5A7DA /* ListViewModelOutput.swift */ = {isa = PBXFileReference; lastKnownFileType = sourcecode.swift; path = ListViewModelOutput.swift; sourceTree = "<group>"; };
		20ACB452245C46B400E5A7DA /* TableViewDelegate.swift */ = {isa = PBXFileReference; lastKnownFileType = sourcecode.swift; path = TableViewDelegate.swift; sourceTree = "<group>"; };
		20ACB454245C46E400E5A7DA /* TableViewDataSource.swift */ = {isa = PBXFileReference; lastKnownFileType = sourcecode.swift; path = TableViewDataSource.swift; sourceTree = "<group>"; };
		20ACB456245C478100E5A7DA /* ListViewModelLoadingOutput.swift */ = {isa = PBXFileReference; lastKnownFileType = sourcecode.swift; path = ListViewModelLoadingOutput.swift; sourceTree = "<group>"; };
		20ACB458245C478C00E5A7DA /* ListViewModelErrorOutput.swift */ = {isa = PBXFileReference; lastKnownFileType = sourcecode.swift; path = ListViewModelErrorOutput.swift; sourceTree = "<group>"; };
		20F374A8245D4A0200F83E95 /* Movie.swift */ = {isa = PBXFileReference; lastKnownFileType = sourcecode.swift; path = Movie.swift; sourceTree = "<group>"; };
		20F374AB245D4AEB00F83E95 /* MovieItem+Movie.swift */ = {isa = PBXFileReference; lastKnownFileType = sourcecode.swift; path = "MovieItem+Movie.swift"; sourceTree = "<group>"; };
		20F374AE245D510800F83E95 /* MovieTableViewCell.swift */ = {isa = PBXFileReference; lastKnownFileType = sourcecode.swift; path = MovieTableViewCell.swift; sourceTree = "<group>"; };
/* End PBXFileReference section */

/* Begin PBXFrameworksBuildPhase section */
		208C2E6524587C2B006AA6CF /* Frameworks */ = {
			isa = PBXFrameworksBuildPhase;
			buildActionMask = 2147483647;
			files = (
				2037AB1F2459F30300B0EEB9 /* NetworkClient.framework in Frameworks */,
			);
			runOnlyForDeploymentPostprocessing = 0;
		};
		208C2E7E24587C2D006AA6CF /* Frameworks */ = {
			isa = PBXFrameworksBuildPhase;
			buildActionMask = 2147483647;
			files = (
			);
			runOnlyForDeploymentPostprocessing = 0;
		};
		208C2E8924587C2D006AA6CF /* Frameworks */ = {
			isa = PBXFrameworksBuildPhase;
			buildActionMask = 2147483647;
			files = (
			);
			runOnlyForDeploymentPostprocessing = 0;
		};
/* End PBXFrameworksBuildPhase section */

/* Begin PBXGroup section */
		2037AB1C2459F30300B0EEB9 /* Frameworks */ = {
			isa = PBXGroup;
			children = (
			);
			name = Frameworks;
			sourceTree = "<group>";
		};
		203943C4245AF5B6002C4B1A /* Table */ = {
			isa = PBXGroup;
			children = (
				203943C9245AF60B002C4B1A /* ListViewModel.swift */,
				20ACB44E245C436600E5A7DA /* ListViewModelInput.swift */,
				20ACB450245C437900E5A7DA /* ListViewModelOutput.swift */,
				203943C7245AF5F7002C4B1A /* ListViewModelProvider.swift */,
				20ACB456245C478100E5A7DA /* ListViewModelLoadingOutput.swift */,
				20ACB458245C478C00E5A7DA /* ListViewModelErrorOutput.swift */,
			);
			path = Table;
			sourceTree = "<group>";
		};
		203943CB245B3E5A002C4B1A /* Misc */ = {
			isa = PBXGroup;
			children = (
				203943CC245B3E77002C4B1A /* HandleError.swift */,
			);
			path = Misc;
			sourceTree = "<group>";
		};
		2085D755245AF37600EBA3D5 /* App */ = {
			isa = PBXGroup;
			children = (
				208C2E6B24587C2B006AA6CF /* AppDelegate.swift */,
				208C2E6D24587C2B006AA6CF /* SceneDelegate.swift */,
			);
			path = App;
			sourceTree = "<group>";
		};
		2085D756245AF38100EBA3D5 /* Storyboard */ = {
			isa = PBXGroup;
			children = (
				208C2E7924587C2C006AA6CF /* LaunchScreen.storyboard */,
				208C2E7124587C2B006AA6CF /* Main.storyboard */,
			);
			path = Storyboard;
			sourceTree = "<group>";
		};
		2085D757245AF39500EBA3D5 /* ViewControllers */ = {
			isa = PBXGroup;
			children = (
				2085D763245AF4FD00EBA3D5 /* Table */,
			);
			path = ViewControllers;
			sourceTree = "<group>";
		};
		2085D758245AF3A000EBA3D5 /* ViewModels */ = {
			isa = PBXGroup;
			children = (
				203943C4245AF5B6002C4B1A /* Table */,
			);
			path = ViewModels;
			sourceTree = "<group>";
		};
		2085D759245AF40D00EBA3D5 /* Navigation */ = {
			isa = PBXGroup;
			children = (
				2085D75C245AF42800EBA3D5 /* AppNavigation.swift */,
				2085D75A245AF41F00EBA3D5 /* NavigationProvider.swift */,
			);
			path = Navigation;
			sourceTree = "<group>";
		};
		2085D75E245AF45500EBA3D5 /* Dependency */ = {
			isa = PBXGroup;
			children = (
				2085D75F245AF46600EBA3D5 /* DependencyProvider.swift */,
				2085D761245AF47200EBA3D5 /* DependencyManager.swift */,
			);
			path = Dependency;
			sourceTree = "<group>";
		};
		2085D763245AF4FD00EBA3D5 /* Table */ = {
			isa = PBXGroup;
			children = (
				20ACB44A245C432E00E5A7DA /* MovieSection.swift */,
				208C2E6F24587C2B006AA6CF /* MoviesViewController.swift */,
				2021C387245CA73B00D36905 /* SelectionDelegate.swift */,
				20ACB454245C46E400E5A7DA /* TableViewDataSource.swift */,
				20ACB452245C46B400E5A7DA /* TableViewDelegate.swift */,
			);
			path = Table;
			sourceTree = "<group>";
		};
		208C2E5F24587C2B006AA6CF = {
			isa = PBXGroup;
			children = (
				208C2EC2245883BB006AA6CF /* NetworkClient.xcodeproj */,
				208C2E6A24587C2B006AA6CF /* Movies */,
				208C2E8424587C2D006AA6CF /* MoviesTests */,
				208C2E8F24587C2D006AA6CF /* MoviesUITests */,
				208C2E6924587C2B006AA6CF /* Products */,
				2037AB1C2459F30300B0EEB9 /* Frameworks */,
			);
			sourceTree = "<group>";
		};
		208C2E6924587C2B006AA6CF /* Products */ = {
			isa = PBXGroup;
			children = (
				208C2E6824587C2B006AA6CF /* Movies.app */,
				208C2E8124587C2D006AA6CF /* MoviesTests.xctest */,
				208C2E8C24587C2D006AA6CF /* MoviesUITests.xctest */,
			);
			name = Products;
			sourceTree = "<group>";
		};
		208C2E6A24587C2B006AA6CF /* Movies */ = {
			isa = PBXGroup;
			children = (
				20F374AD245D50F600F83E95 /* View */,
				20F374AA245D4ACA00F83E95 /* Extensions */,
				20F374A5245D49F000F83E95 /* Model */,
				203943CB245B3E5A002C4B1A /* Misc */,
				2085D75E245AF45500EBA3D5 /* Dependency */,
				2085D759245AF40D00EBA3D5 /* Navigation */,
				2085D755245AF37600EBA3D5 /* App */,
				2085D756245AF38100EBA3D5 /* Storyboard */,
				2085D757245AF39500EBA3D5 /* ViewControllers */,
				2085D758245AF3A000EBA3D5 /* ViewModels */,
				208C2E7724587C2C006AA6CF /* Assets.xcassets */,
				208C2E7C24587C2C006AA6CF /* Info.plist */,
				208C2E7424587C2B006AA6CF /* Movies.xcdatamodeld */,
			);
			path = Movies;
			sourceTree = "<group>";
		};
		208C2E8424587C2D006AA6CF /* MoviesTests */ = {
			isa = PBXGroup;
			children = (
				208C2E8524587C2D006AA6CF /* MoviesTests.swift */,
				208C2E8724587C2D006AA6CF /* Info.plist */,
			);
			path = MoviesTests;
			sourceTree = "<group>";
		};
		208C2E8F24587C2D006AA6CF /* MoviesUITests */ = {
			isa = PBXGroup;
			children = (
				208C2E9024587C2D006AA6CF /* MoviesUITests.swift */,
				208C2E9224587C2D006AA6CF /* Info.plist */,
			);
			path = MoviesUITests;
			sourceTree = "<group>";
		};
		208C2EC3245883BB006AA6CF /* Products */ = {
			isa = PBXGroup;
			children = (
				208C2EC8245883BC006AA6CF /* NetworkClient.framework */,
				208C2ECA245883BC006AA6CF /* NetworkClientTests.xctest */,
			);
			name = Products;
			sourceTree = "<group>";
		};
		20F374A5245D49F000F83E95 /* Model */ = {
			isa = PBXGroup;
			children = (
				20F374A8245D4A0200F83E95 /* Movie.swift */,
			);
			path = Model;
			sourceTree = "<group>";
		};
		20F374AA245D4ACA00F83E95 /* Extensions */ = {
			isa = PBXGroup;
			children = (
				20F374AB245D4AEB00F83E95 /* MovieItem+Movie.swift */,
			);
			path = Extensions;
			sourceTree = "<group>";
		};
		20F374AD245D50F600F83E95 /* View */ = {
			isa = PBXGroup;
			children = (
				20F374AE245D510800F83E95 /* MovieTableViewCell.swift */,
			);
			path = View;
			sourceTree = "<group>";
		};
/* End PBXGroup section */

/* Begin PBXNativeTarget section */
		208C2E6724587C2B006AA6CF /* Movies */ = {
			isa = PBXNativeTarget;
			buildConfigurationList = 208C2E9524587C2D006AA6CF /* Build configuration list for PBXNativeTarget "Movies" */;
			buildPhases = (
				208C2E6424587C2B006AA6CF /* Sources */,
				208C2E6524587C2B006AA6CF /* Frameworks */,
				208C2E6624587C2B006AA6CF /* Resources */,
				2037AB212459F30300B0EEB9 /* Embed Frameworks */,
			);
			buildRules = (
			);
			dependencies = (
			);
			name = Movies;
			productName = Movies;
			productReference = 208C2E6824587C2B006AA6CF /* Movies.app */;
			productType = "com.apple.product-type.application";
		};
		208C2E8024587C2D006AA6CF /* MoviesTests */ = {
			isa = PBXNativeTarget;
			buildConfigurationList = 208C2E9824587C2D006AA6CF /* Build configuration list for PBXNativeTarget "MoviesTests" */;
			buildPhases = (
				208C2E7D24587C2D006AA6CF /* Sources */,
				208C2E7E24587C2D006AA6CF /* Frameworks */,
				208C2E7F24587C2D006AA6CF /* Resources */,
			);
			buildRules = (
			);
			dependencies = (
				208C2E8324587C2D006AA6CF /* PBXTargetDependency */,
			);
			name = MoviesTests;
			productName = MoviesTests;
			productReference = 208C2E8124587C2D006AA6CF /* MoviesTests.xctest */;
			productType = "com.apple.product-type.bundle.unit-test";
		};
		208C2E8B24587C2D006AA6CF /* MoviesUITests */ = {
			isa = PBXNativeTarget;
			buildConfigurationList = 208C2E9B24587C2D006AA6CF /* Build configuration list for PBXNativeTarget "MoviesUITests" */;
			buildPhases = (
				208C2E8824587C2D006AA6CF /* Sources */,
				208C2E8924587C2D006AA6CF /* Frameworks */,
				208C2E8A24587C2D006AA6CF /* Resources */,
			);
			buildRules = (
			);
			dependencies = (
				208C2E8E24587C2D006AA6CF /* PBXTargetDependency */,
			);
			name = MoviesUITests;
			productName = MoviesUITests;
			productReference = 208C2E8C24587C2D006AA6CF /* MoviesUITests.xctest */;
			productType = "com.apple.product-type.bundle.ui-testing";
		};
/* End PBXNativeTarget section */

/* Begin PBXProject section */
		208C2E6024587C2B006AA6CF /* Project object */ = {
			isa = PBXProject;
			attributes = {
				LastSwiftUpdateCheck = 1140;
				LastUpgradeCheck = 1140;
				ORGANIZATIONNAME = Example;
				TargetAttributes = {
					208C2E6724587C2B006AA6CF = {
						CreatedOnToolsVersion = 11.4;
					};
					208C2E8024587C2D006AA6CF = {
						CreatedOnToolsVersion = 11.4;
						TestTargetID = 208C2E6724587C2B006AA6CF;
					};
					208C2E8B24587C2D006AA6CF = {
						CreatedOnToolsVersion = 11.4;
						TestTargetID = 208C2E6724587C2B006AA6CF;
					};
				};
			};
			buildConfigurationList = 208C2E6324587C2B006AA6CF /* Build configuration list for PBXProject "Movies" */;
			compatibilityVersion = "Xcode 9.3";
			developmentRegion = en;
			hasScannedForEncodings = 0;
			knownRegions = (
				en,
				Base,
			);
			mainGroup = 208C2E5F24587C2B006AA6CF;
			productRefGroup = 208C2E6924587C2B006AA6CF /* Products */;
			projectDirPath = "";
			projectReferences = (
				{
					ProductGroup = 208C2EC3245883BB006AA6CF /* Products */;
					ProjectRef = 208C2EC2245883BB006AA6CF /* NetworkClient.xcodeproj */;
				},
			);
			projectRoot = "";
			targets = (
				208C2E6724587C2B006AA6CF /* Movies */,
				208C2E8024587C2D006AA6CF /* MoviesTests */,
				208C2E8B24587C2D006AA6CF /* MoviesUITests */,
			);
		};
/* End PBXProject section */

/* Begin PBXReferenceProxy section */
		208C2EC8245883BC006AA6CF /* NetworkClient.framework */ = {
			isa = PBXReferenceProxy;
			fileType = wrapper.framework;
			path = NetworkClient.framework;
			remoteRef = 208C2EC7245883BC006AA6CF /* PBXContainerItemProxy */;
			sourceTree = BUILT_PRODUCTS_DIR;
		};
		208C2ECA245883BC006AA6CF /* NetworkClientTests.xctest */ = {
			isa = PBXReferenceProxy;
			fileType = wrapper.cfbundle;
			path = NetworkClientTests.xctest;
			remoteRef = 208C2EC9245883BC006AA6CF /* PBXContainerItemProxy */;
			sourceTree = BUILT_PRODUCTS_DIR;
		};
/* End PBXReferenceProxy section */

/* Begin PBXResourcesBuildPhase section */
		208C2E6624587C2B006AA6CF /* Resources */ = {
			isa = PBXResourcesBuildPhase;
			buildActionMask = 2147483647;
			files = (
				208C2E7B24587C2C006AA6CF /* LaunchScreen.storyboard in Resources */,
				208C2E7824587C2C006AA6CF /* Assets.xcassets in Resources */,
				208C2E7324587C2B006AA6CF /* Main.storyboard in Resources */,
			);
			runOnlyForDeploymentPostprocessing = 0;
		};
		208C2E7F24587C2D006AA6CF /* Resources */ = {
			isa = PBXResourcesBuildPhase;
			buildActionMask = 2147483647;
			files = (
			);
			runOnlyForDeploymentPostprocessing = 0;
		};
		208C2E8A24587C2D006AA6CF /* Resources */ = {
			isa = PBXResourcesBuildPhase;
			buildActionMask = 2147483647;
			files = (
			);
			runOnlyForDeploymentPostprocessing = 0;
		};
/* End PBXResourcesBuildPhase section */

/* Begin PBXSourcesBuildPhase section */
		208C2E6424587C2B006AA6CF /* Sources */ = {
			isa = PBXSourcesBuildPhase;
			buildActionMask = 2147483647;
			files = (
				203943CA245AF60B002C4B1A /* ListViewModel.swift in Sources */,
				208C2E7024587C2B006AA6CF /* MoviesViewController.swift in Sources */,
				20F374AC245D4AEB00F83E95 /* MovieItem+Movie.swift in Sources */,
				20ACB459245C478C00E5A7DA /* ListViewModelErrorOutput.swift in Sources */,
				20ACB455245C46E400E5A7DA /* TableViewDataSource.swift in Sources */,
				2021C388245CA73B00D36905 /* SelectionDelegate.swift in Sources */,
				20ACB44B245C432E00E5A7DA /* MovieSection.swift in Sources */,
				208C2E6C24587C2B006AA6CF /* AppDelegate.swift in Sources */,
				2085D75B245AF41F00EBA3D5 /* NavigationProvider.swift in Sources */,
				203943C8245AF5F7002C4B1A /* ListViewModelProvider.swift in Sources */,
				20ACB457245C478100E5A7DA /* ListViewModelLoadingOutput.swift in Sources */,
				2085D75D245AF42800EBA3D5 /* AppNavigation.swift in Sources */,
				2085D762245AF47200EBA3D5 /* DependencyManager.swift in Sources */,
				20ACB44F245C436600E5A7DA /* ListViewModelInput.swift in Sources */,
				20ACB451245C437900E5A7DA /* ListViewModelOutput.swift in Sources */,
				20F374A9245D4A0200F83E95 /* Movie.swift in Sources */,
				20ACB453245C46B400E5A7DA /* TableViewDelegate.swift in Sources */,
				208C2E7624587C2B006AA6CF /* Movies.xcdatamodeld in Sources */,
				203943CD245B3E77002C4B1A /* HandleError.swift in Sources */,
				2085D760245AF46600EBA3D5 /* DependencyProvider.swift in Sources */,
				20F374AF245D510800F83E95 /* MovieTableViewCell.swift in Sources */,
				208C2E6E24587C2B006AA6CF /* SceneDelegate.swift in Sources */,
			);
			runOnlyForDeploymentPostprocessing = 0;
		};
		208C2E7D24587C2D006AA6CF /* Sources */ = {
			isa = PBXSourcesBuildPhase;
			buildActionMask = 2147483647;
			files = (
				208C2E8624587C2D006AA6CF /* MoviesTests.swift in Sources */,
			);
			runOnlyForDeploymentPostprocessing = 0;
		};
		208C2E8824587C2D006AA6CF /* Sources */ = {
			isa = PBXSourcesBuildPhase;
			buildActionMask = 2147483647;
			files = (
				208C2E9124587C2D006AA6CF /* MoviesUITests.swift in Sources */,
			);
			runOnlyForDeploymentPostprocessing = 0;
		};
/* End PBXSourcesBuildPhase section */

/* Begin PBXTargetDependency section */
		208C2E8324587C2D006AA6CF /* PBXTargetDependency */ = {
			isa = PBXTargetDependency;
			target = 208C2E6724587C2B006AA6CF /* Movies */;
			targetProxy = 208C2E8224587C2D006AA6CF /* PBXContainerItemProxy */;
		};
		208C2E8E24587C2D006AA6CF /* PBXTargetDependency */ = {
			isa = PBXTargetDependency;
			target = 208C2E6724587C2B006AA6CF /* Movies */;
			targetProxy = 208C2E8D24587C2D006AA6CF /* PBXContainerItemProxy */;
		};
/* End PBXTargetDependency section */

/* Begin PBXVariantGroup section */
		208C2E7124587C2B006AA6CF /* Main.storyboard */ = {
			isa = PBXVariantGroup;
			children = (
				208C2E7224587C2B006AA6CF /* Base */,
			);
			name = Main.storyboard;
			sourceTree = "<group>";
		};
		208C2E7924587C2C006AA6CF /* LaunchScreen.storyboard */ = {
			isa = PBXVariantGroup;
			children = (
				208C2E7A24587C2C006AA6CF /* Base */,
			);
			name = LaunchScreen.storyboard;
			sourceTree = "<group>";
		};
/* End PBXVariantGroup section */

/* Begin XCBuildConfiguration section */
		208C2E9324587C2D006AA6CF /* Debug */ = {
			isa = XCBuildConfiguration;
			buildSettings = {
				ALWAYS_SEARCH_USER_PATHS = NO;
				CLANG_ANALYZER_NONNULL = YES;
				CLANG_ANALYZER_NUMBER_OBJECT_CONVERSION = YES_AGGRESSIVE;
				CLANG_CXX_LANGUAGE_STANDARD = "gnu++14";
				CLANG_CXX_LIBRARY = "libc++";
				CLANG_ENABLE_MODULES = YES;
				CLANG_ENABLE_OBJC_ARC = YES;
				CLANG_ENABLE_OBJC_WEAK = YES;
				CLANG_WARN_BLOCK_CAPTURE_AUTORELEASING = YES;
				CLANG_WARN_BOOL_CONVERSION = YES;
				CLANG_WARN_COMMA = YES;
				CLANG_WARN_CONSTANT_CONVERSION = YES;
				CLANG_WARN_DEPRECATED_OBJC_IMPLEMENTATIONS = YES;
				CLANG_WARN_DIRECT_OBJC_ISA_USAGE = YES_ERROR;
				CLANG_WARN_DOCUMENTATION_COMMENTS = YES;
				CLANG_WARN_EMPTY_BODY = YES;
				CLANG_WARN_ENUM_CONVERSION = YES;
				CLANG_WARN_INFINITE_RECURSION = YES;
				CLANG_WARN_INT_CONVERSION = YES;
				CLANG_WARN_NON_LITERAL_NULL_CONVERSION = YES;
				CLANG_WARN_OBJC_IMPLICIT_RETAIN_SELF = YES;
				CLANG_WARN_OBJC_LITERAL_CONVERSION = YES;
				CLANG_WARN_OBJC_ROOT_CLASS = YES_ERROR;
				CLANG_WARN_RANGE_LOOP_ANALYSIS = YES;
				CLANG_WARN_STRICT_PROTOTYPES = YES;
				CLANG_WARN_SUSPICIOUS_MOVE = YES;
				CLANG_WARN_UNGUARDED_AVAILABILITY = YES_AGGRESSIVE;
				CLANG_WARN_UNREACHABLE_CODE = YES;
				CLANG_WARN__DUPLICATE_METHOD_MATCH = YES;
				COPY_PHASE_STRIP = NO;
				DEBUG_INFORMATION_FORMAT = dwarf;
				ENABLE_STRICT_OBJC_MSGSEND = YES;
				ENABLE_TESTABILITY = YES;
				GCC_C_LANGUAGE_STANDARD = gnu11;
				GCC_DYNAMIC_NO_PIC = NO;
				GCC_NO_COMMON_BLOCKS = YES;
				GCC_OPTIMIZATION_LEVEL = 0;
				GCC_PREPROCESSOR_DEFINITIONS = (
					"DEBUG=1",
					"$(inherited)",
				);
				GCC_WARN_64_TO_32_BIT_CONVERSION = YES;
				GCC_WARN_ABOUT_RETURN_TYPE = YES_ERROR;
				GCC_WARN_UNDECLARED_SELECTOR = YES;
				GCC_WARN_UNINITIALIZED_AUTOS = YES_AGGRESSIVE;
				GCC_WARN_UNUSED_FUNCTION = YES;
				GCC_WARN_UNUSED_VARIABLE = YES;
				IPHONEOS_DEPLOYMENT_TARGET = 13.4;
				MTL_ENABLE_DEBUG_INFO = INCLUDE_SOURCE;
				MTL_FAST_MATH = YES;
				ONLY_ACTIVE_ARCH = YES;
				SDKROOT = iphoneos;
				SWIFT_ACTIVE_COMPILATION_CONDITIONS = DEBUG;
				SWIFT_OPTIMIZATION_LEVEL = "-Onone";
			};
			name = Debug;
		};
		208C2E9424587C2D006AA6CF /* Release */ = {
			isa = XCBuildConfiguration;
			buildSettings = {
				ALWAYS_SEARCH_USER_PATHS = NO;
				CLANG_ANALYZER_NONNULL = YES;
				CLANG_ANALYZER_NUMBER_OBJECT_CONVERSION = YES_AGGRESSIVE;
				CLANG_CXX_LANGUAGE_STANDARD = "gnu++14";
				CLANG_CXX_LIBRARY = "libc++";
				CLANG_ENABLE_MODULES = YES;
				CLANG_ENABLE_OBJC_ARC = YES;
				CLANG_ENABLE_OBJC_WEAK = YES;
				CLANG_WARN_BLOCK_CAPTURE_AUTORELEASING = YES;
				CLANG_WARN_BOOL_CONVERSION = YES;
				CLANG_WARN_COMMA = YES;
				CLANG_WARN_CONSTANT_CONVERSION = YES;
				CLANG_WARN_DEPRECATED_OBJC_IMPLEMENTATIONS = YES;
				CLANG_WARN_DIRECT_OBJC_ISA_USAGE = YES_ERROR;
				CLANG_WARN_DOCUMENTATION_COMMENTS = YES;
				CLANG_WARN_EMPTY_BODY = YES;
				CLANG_WARN_ENUM_CONVERSION = YES;
				CLANG_WARN_INFINITE_RECURSION = YES;
				CLANG_WARN_INT_CONVERSION = YES;
				CLANG_WARN_NON_LITERAL_NULL_CONVERSION = YES;
				CLANG_WARN_OBJC_IMPLICIT_RETAIN_SELF = YES;
				CLANG_WARN_OBJC_LITERAL_CONVERSION = YES;
				CLANG_WARN_OBJC_ROOT_CLASS = YES_ERROR;
				CLANG_WARN_RANGE_LOOP_ANALYSIS = YES;
				CLANG_WARN_STRICT_PROTOTYPES = YES;
				CLANG_WARN_SUSPICIOUS_MOVE = YES;
				CLANG_WARN_UNGUARDED_AVAILABILITY = YES_AGGRESSIVE;
				CLANG_WARN_UNREACHABLE_CODE = YES;
				CLANG_WARN__DUPLICATE_METHOD_MATCH = YES;
				COPY_PHASE_STRIP = NO;
				DEBUG_INFORMATION_FORMAT = "dwarf-with-dsym";
				ENABLE_NS_ASSERTIONS = NO;
				ENABLE_STRICT_OBJC_MSGSEND = YES;
				GCC_C_LANGUAGE_STANDARD = gnu11;
				GCC_NO_COMMON_BLOCKS = YES;
				GCC_WARN_64_TO_32_BIT_CONVERSION = YES;
				GCC_WARN_ABOUT_RETURN_TYPE = YES_ERROR;
				GCC_WARN_UNDECLARED_SELECTOR = YES;
				GCC_WARN_UNINITIALIZED_AUTOS = YES_AGGRESSIVE;
				GCC_WARN_UNUSED_FUNCTION = YES;
				GCC_WARN_UNUSED_VARIABLE = YES;
				IPHONEOS_DEPLOYMENT_TARGET = 13.4;
				MTL_ENABLE_DEBUG_INFO = NO;
				MTL_FAST_MATH = YES;
				SDKROOT = iphoneos;
				SWIFT_COMPILATION_MODE = wholemodule;
				SWIFT_OPTIMIZATION_LEVEL = "-O";
				VALIDATE_PRODUCT = YES;
			};
			name = Release;
		};
		208C2E9624587C2D006AA6CF /* Debug */ = {
			isa = XCBuildConfiguration;
			buildSettings = {
				ASSETCATALOG_COMPILER_APPICON_NAME = AppIcon;
				CODE_SIGN_STYLE = Automatic;
				INFOPLIST_FILE = Movies/Info.plist;
				LD_RUNPATH_SEARCH_PATHS = (
					"$(inherited)",
					"@executable_path/Frameworks",
				);
				PRODUCT_BUNDLE_IDENTIFIER = com.example.Movies;
				PRODUCT_NAME = "$(TARGET_NAME)";
				SWIFT_VERSION = 5.0;
				TARGETED_DEVICE_FAMILY = "1,2";
			};
			name = Debug;
		};
		208C2E9724587C2D006AA6CF /* Release */ = {
			isa = XCBuildConfiguration;
			buildSettings = {
				ASSETCATALOG_COMPILER_APPICON_NAME = AppIcon;
				CODE_SIGN_STYLE = Automatic;
				INFOPLIST_FILE = Movies/Info.plist;
				LD_RUNPATH_SEARCH_PATHS = (
					"$(inherited)",
					"@executable_path/Frameworks",
				);
				PRODUCT_BUNDLE_IDENTIFIER = com.example.Movies;
				PRODUCT_NAME = "$(TARGET_NAME)";
				SWIFT_VERSION = 5.0;
				TARGETED_DEVICE_FAMILY = "1,2";
			};
			name = Release;
		};
		208C2E9924587C2D006AA6CF /* Debug */ = {
			isa = XCBuildConfiguration;
			buildSettings = {
				ALWAYS_EMBED_SWIFT_STANDARD_LIBRARIES = YES;
				BUNDLE_LOADER = "$(TEST_HOST)";
				CODE_SIGN_STYLE = Automatic;
				INFOPLIST_FILE = MoviesTests/Info.plist;
				IPHONEOS_DEPLOYMENT_TARGET = 13.4;
				LD_RUNPATH_SEARCH_PATHS = (
					"$(inherited)",
					"@executable_path/Frameworks",
					"@loader_path/Frameworks",
				);
				PRODUCT_BUNDLE_IDENTIFIER = com.example.MoviesTests;
				PRODUCT_NAME = "$(TARGET_NAME)";
				SWIFT_VERSION = 5.0;
				TARGETED_DEVICE_FAMILY = "1,2";
				TEST_HOST = "$(BUILT_PRODUCTS_DIR)/Movies.app/Movies";
			};
			name = Debug;
		};
		208C2E9A24587C2D006AA6CF /* Release */ = {
			isa = XCBuildConfiguration;
			buildSettings = {
				ALWAYS_EMBED_SWIFT_STANDARD_LIBRARIES = YES;
				BUNDLE_LOADER = "$(TEST_HOST)";
				CODE_SIGN_STYLE = Automatic;
				INFOPLIST_FILE = MoviesTests/Info.plist;
				IPHONEOS_DEPLOYMENT_TARGET = 13.4;
				LD_RUNPATH_SEARCH_PATHS = (
					"$(inherited)",
					"@executable_path/Frameworks",
					"@loader_path/Frameworks",
				);
				PRODUCT_BUNDLE_IDENTIFIER = com.example.MoviesTests;
				PRODUCT_NAME = "$(TARGET_NAME)";
				SWIFT_VERSION = 5.0;
				TARGETED_DEVICE_FAMILY = "1,2";
				TEST_HOST = "$(BUILT_PRODUCTS_DIR)/Movies.app/Movies";
			};
			name = Release;
		};
		208C2E9C24587C2D006AA6CF /* Debug */ = {
			isa = XCBuildConfiguration;
			buildSettings = {
				ALWAYS_EMBED_SWIFT_STANDARD_LIBRARIES = YES;
				CODE_SIGN_STYLE = Automatic;
				INFOPLIST_FILE = MoviesUITests/Info.plist;
				LD_RUNPATH_SEARCH_PATHS = (
					"$(inherited)",
					"@executable_path/Frameworks",
					"@loader_path/Frameworks",
				);
				PRODUCT_BUNDLE_IDENTIFIER = com.example.MoviesUITests;
				PRODUCT_NAME = "$(TARGET_NAME)";
				SWIFT_VERSION = 5.0;
				TARGETED_DEVICE_FAMILY = "1,2";
				TEST_TARGET_NAME = Movies;
			};
			name = Debug;
		};
		208C2E9D24587C2D006AA6CF /* Release */ = {
			isa = XCBuildConfiguration;
			buildSettings = {
				ALWAYS_EMBED_SWIFT_STANDARD_LIBRARIES = YES;
				CODE_SIGN_STYLE = Automatic;
				INFOPLIST_FILE = MoviesUITests/Info.plist;
				LD_RUNPATH_SEARCH_PATHS = (
					"$(inherited)",
					"@executable_path/Frameworks",
					"@loader_path/Frameworks",
				);
				PRODUCT_BUNDLE_IDENTIFIER = com.example.MoviesUITests;
				PRODUCT_NAME = "$(TARGET_NAME)";
				SWIFT_VERSION = 5.0;
				TARGETED_DEVICE_FAMILY = "1,2";
				TEST_TARGET_NAME = Movies;
			};
			name = Release;
		};
/* End XCBuildConfiguration section */

/* Begin XCConfigurationList section */
		208C2E6324587C2B006AA6CF /* Build configuration list for PBXProject "Movies" */ = {
			isa = XCConfigurationList;
			buildConfigurations = (
				208C2E9324587C2D006AA6CF /* Debug */,
				208C2E9424587C2D006AA6CF /* Release */,
			);
			defaultConfigurationIsVisible = 0;
			defaultConfigurationName = Release;
		};
		208C2E9524587C2D006AA6CF /* Build configuration list for PBXNativeTarget "Movies" */ = {
			isa = XCConfigurationList;
			buildConfigurations = (
				208C2E9624587C2D006AA6CF /* Debug */,
				208C2E9724587C2D006AA6CF /* Release */,
			);
			defaultConfigurationIsVisible = 0;
			defaultConfigurationName = Release;
		};
		208C2E9824587C2D006AA6CF /* Build configuration list for PBXNativeTarget "MoviesTests" */ = {
			isa = XCConfigurationList;
			buildConfigurations = (
				208C2E9924587C2D006AA6CF /* Debug */,
				208C2E9A24587C2D006AA6CF /* Release */,
			);
			defaultConfigurationIsVisible = 0;
			defaultConfigurationName = Release;
		};
		208C2E9B24587C2D006AA6CF /* Build configuration list for PBXNativeTarget "MoviesUITests" */ = {
			isa = XCConfigurationList;
			buildConfigurations = (
				208C2E9C24587C2D006AA6CF /* Debug */,
				208C2E9D24587C2D006AA6CF /* Release */,
			);
			defaultConfigurationIsVisible = 0;
			defaultConfigurationName = Release;
		};
/* End XCConfigurationList section */

/* Begin XCVersionGroup section */
		208C2E7424587C2B006AA6CF /* Movies.xcdatamodeld */ = {
			isa = XCVersionGroup;
			children = (
				208C2E7524587C2B006AA6CF /* Movies.xcdatamodel */,
			);
			currentVersion = 208C2E7524587C2B006AA6CF /* Movies.xcdatamodel */;
			path = Movies.xcdatamodeld;
			sourceTree = "<group>";
			versionGroupType = wrapper.xcdatamodel;
		};
/* End XCVersionGroup section */
	};
	rootObject = 208C2E6024587C2B006AA6CF /* Project object */;
}
